PODS:
  - CHIOTPField (0.1.0):
    - CHIOTPField/Four (= 0.1.0)
    - CHIOTPField/One (= 0.1.0)
    - CHIOTPField/Three (= 0.1.0)
    - CHIOTPField/Two (= 0.1.0)
  - CHIOTPField/Four (0.1.0)
  - CHIOTPField/One (0.1.0)
  - CHIOTPField/Three (0.1.0)
  - CHIOTPField/Two (0.1.0)
  - GoogleMaps (8.0.0):
    - GoogleMaps/Maps (= 8.0.0)
  - GoogleMaps/Base (8.0.0)
  - GoogleMaps/Maps (8.0.0):
    - GoogleMaps/Base
  - ProgressHUD (13.6.2)
  - Pulley (2.9.1)
  - SkyFloatingLabelTextField (4.0.0)
  - SnackBar.swift (0.1.0):
    - SnapKit
  - SnapKit (5.6.0)
  - SwiftLint (0.51.0)
  - Wormholy (1.6.6)

DEPENDENCIES:
  - CHIOTPField
  - CHIOTPField/Four
  - CHIOTPField/One
  - CHIOTPField/Three
  - CHIOTPField/Two
  - GoogleMaps (= 8.0.0)
  - ProgressHUD (= 13.6.2)
  - Pulley
  - SkyFloatingLabelTextField
  - SnackBar.swift (= 0.1.0)
  - SwiftLint
  - Wormholy

SPEC REPOS:
  trunk:
    - CHIOTPField
    - GoogleMaps
    - ProgressHUD
    - Pulley
    - SkyFloatingLabelTextField
    - SnackBar.swift
    - SnapKit
    - SwiftLint
    - Wormholy

SPEC CHECKSUMS:
  CHIOTPField: 5df19b433ccfad2a80e944d3abde128a236aaf01
  GoogleMaps: 0dce473ab18742d0f327887853630927cbee9127
  ProgressHUD: 355915c8f033e626788fa9b0d99d06e8691595ab
  Pulley: a4c28c930958f42978d69631000bc1abb82cb232
  SkyFloatingLabelTextField: 79ddc40e4ad59707fedbb48d605417aee48bb78a
  SnackBar.swift: 79ea4df13ea9e6633137dd6acbd490534d26440d
  SnapKit: e01d52ebb8ddbc333eefe2132acf85c8227d9c25
  SwiftLint: 1b7561918a19e23bfed960e40759086e70f4dba5
  Wormholy: 09da0b876f9276031fd47383627cb75e194fc068

PODFILE CHECKSUM: 8f6cfafc6ee3b56484af9b5ae4bd079f24bb6bf7

COCOAPODS: 1.12.1
