// !$*UTF8*$!
{
	archiveVersion = 1;
	classes = {
	};
	objectVersion = 56;
	objects = {

/* Begin PBXBuildFile section */
		220C3F392A5FD9F6000002DB /* MyExchangesViewController.swift in Sources */ = {isa = PBXBuildFile; fileRef = 220C3F382A5FD9F6000002DB /* MyExchangesViewController.swift */; };
		220C3F3B2A5FEBD3000002DB /* MyExchangesTableViewCell.swift in Sources */ = {isa = PBXBuildFile; fileRef = 220C3F3A2A5FEBD3000002DB /* MyExchangesTableViewCell.swift */; };
		220C3F432A62822F000002DB /* ExchangerScreenViewController.swift in Sources */ = {isa = PBXBuildFile; fileRef = 220C3F422A62822F000002DB /* ExchangerScreenViewController.swift */; };
		220C3F452A628310000002DB /* ExchangerScreenTableViewCell.swift in Sources */ = {isa = PBXBuildFile; fileRef = 220C3F442A628310000002DB /* ExchangerScreenTableViewCell.swift */; };
		223C9C632A640AB8008FE874 /* ExchangerScreenTextCellTableViewCell.swift in Sources */ = {isa = PBXBuildFile; fileRef = 223C9C622A640AB8008FE874 /* ExchangerScreenTextCellTableViewCell.swift */; };
		223C9C652A648DDE008FE874 /* Paddinglabel.swift in Sources */ = {isa = PBXBuildFile; fileRef = 223C9C642A648DDE008FE874 /* Paddinglabel.swift */; };
		618978032A541CD5009DFF0B /* SelectCityViewController.swift in Sources */ = {isa = PBXBuildFile; fileRef = 618978022A541CD5009DFF0B /* SelectCityViewController.swift */; };
		618978052A549426009DFF0B /* CityTableViewCell.swift in Sources */ = {isa = PBXBuildFile; fileRef = 618978042A549426009DFF0B /* CityTableViewCell.swift */; };
		6189CFCA2A78315000175333 /* City.swift in Sources */ = {isa = PBXBuildFile; fileRef = 6189CFC92A78315000175333 /* City.swift */; };
		61D25BDC2A69B02200BC9DB7 /* OfferSkyFloatingLabelTextField.swift in Sources */ = {isa = PBXBuildFile; fileRef = 61D25BDB2A69B02200BC9DB7 /* OfferSkyFloatingLabelTextField.swift */; };
		61D25BE02A6D7B6900BC9DB7 /* SectionHeaderView.swift in Sources */ = {isa = PBXBuildFile; fileRef = 61D25BDF2A6D7B6900BC9DB7 /* SectionHeaderView.swift */; };
		61D25BE42A6EEE0800BC9DB7 /* ChangeExchangeRateViewController.swift in Sources */ = {isa = PBXBuildFile; fileRef = 61D25BE32A6EEE0800BC9DB7 /* ChangeExchangeRateViewController.swift */; };
		71564AC12A6A9CEE00979090 /* ExchangeRateTableViewHeaderView.swift in Sources */ = {isa = PBXBuildFile; fileRef = 71564ABD2A6A9CEE00979090 /* ExchangeRateTableViewHeaderView.swift */; };
		71564AC22A6A9CEE00979090 /* ExchangeRateTableViewCell.swift in Sources */ = {isa = PBXBuildFile; fileRef = 71564ABE2A6A9CEE00979090 /* ExchangeRateTableViewCell.swift */; };
		71564AC32A6A9CEE00979090 /* ExchangeRateTableViewFooterView.swift in Sources */ = {isa = PBXBuildFile; fileRef = 71564ABF2A6A9CEE00979090 /* ExchangeRateTableViewFooterView.swift */; };
		71564AC42A6A9CEE00979090 /* ExchangeRateViewController.swift in Sources */ = {isa = PBXBuildFile; fileRef = 71564AC02A6A9CEE00979090 /* ExchangeRateViewController.swift */; };
		71564AC82A70B8E300979090 /* Auth.swift in Sources */ = {isa = PBXBuildFile; fileRef = 71564AC72A70B8E300979090 /* Auth.swift */; };
		71D01EB32A5D493200422491 /* NotificationsViewController.swift in Sources */ = {isa = PBXBuildFile; fileRef = 71D01EB22A5D493200422491 /* NotificationsViewController.swift */; };
		71D01EB52A5D525000422491 /* NotificationsTableViewCell.swift in Sources */ = {isa = PBXBuildFile; fileRef = 71D01EB42A5D525000422491 /* NotificationsTableViewCell.swift */; };
		71D01EB92A5E746C00422491 /* NotificationsSectionHeaderView.swift in Sources */ = {isa = PBXBuildFile; fileRef = 71D01EB82A5E746C00422491 /* NotificationsSectionHeaderView.swift */; };
		8F06DEA52A61B03300637A68 /* ExchangeDollarViewController.swift in Sources */ = {isa = PBXBuildFile; fileRef = 8F06DEA42A61B03300637A68 /* ExchangeDollarViewController.swift */; };
		8F06DEA72A61B08400637A68 /* ExchangeDollarTableViewCell.swift in Sources */ = {isa = PBXBuildFile; fileRef = 8F06DEA62A61B08400637A68 /* ExchangeDollarTableViewCell.swift */; };
		8F06DEA92A61B0C800637A68 /* ExchangeDollarTableViewHeaderView.swift in Sources */ = {isa = PBXBuildFile; fileRef = 8F06DEA82A61B0C800637A68 /* ExchangeDollarTableViewHeaderView.swift */; };
		8F06DEAB2A61B0F800637A68 /* ExchangeDollarTableViewFooterView.swift in Sources */ = {isa = PBXBuildFile; fileRef = 8F06DEAA2A61B0F800637A68 /* ExchangeDollarTableViewFooterView.swift */; };
		8F816F0B2A76B59500AF4BA9 /* CalculatorTableViewHeaderView.swift in Sources */ = {isa = PBXBuildFile; fileRef = 8F816F082A76B59500AF4BA9 /* CalculatorTableViewHeaderView.swift */; };
		8F816F0C2A76B59500AF4BA9 /* CalculatorTableViewCell.swift in Sources */ = {isa = PBXBuildFile; fileRef = 8F816F092A76B59500AF4BA9 /* CalculatorTableViewCell.swift */; };
		8F816F0D2A76B59500AF4BA9 /* CalculatorViewController.swift in Sources */ = {isa = PBXBuildFile; fileRef = 8F816F0A2A76B59500AF4BA9 /* CalculatorViewController.swift */; };
		8F8189D92A6066780082F80F /* CartExchangeFeedbackViewController.swift in Sources */ = {isa = PBXBuildFile; fileRef = 8F8189D82A6066780082F80F /* CartExchangeFeedbackViewController.swift */; };
		8F8189DB2A6066840082F80F /* CartExchangeFeedbackViewCell.swift in Sources */ = {isa = PBXBuildFile; fileRef = 8F8189DA2A6066840082F80F /* CartExchangeFeedbackViewCell.swift */; };
		8FCA83282A71227C003CD865 /* OfferSendedViewController.swift in Sources */ = {isa = PBXBuildFile; fileRef = 8FCA83252A71227C003CD865 /* OfferSendedViewController.swift */; };
		8FCA83292A71227C003CD865 /* OfferSendedHeader.swift in Sources */ = {isa = PBXBuildFile; fileRef = 8FCA83262A71227C003CD865 /* OfferSendedHeader.swift */; };
		8FCA832A2A71227C003CD865 /* OfferSendedTableViewCell.swift in Sources */ = {isa = PBXBuildFile; fileRef = 8FCA83272A71227C003CD865 /* OfferSendedTableViewCell.swift */; };
		990100492A50B99B003EE3C4 /* SignUpViewController.swift in Sources */ = {isa = PBXBuildFile; fileRef = 990100482A50B99B003EE3C4 /* SignUpViewController.swift */; };
		9909CB122A559F8B000AC039 /* OfferDetailsTableViewCell.swift in Sources */ = {isa = PBXBuildFile; fileRef = 9909CB112A559F8B000AC039 /* OfferDetailsTableViewCell.swift */; };
		9909CB142A55AA90000AC039 /* Detail.swift in Sources */ = {isa = PBXBuildFile; fileRef = 9909CB132A55AA90000AC039 /* Detail.swift */; };
		9909CB172A55B06B000AC039 /* OfferDetailsHeaderView.swift in Sources */ = {isa = PBXBuildFile; fileRef = 9909CB162A55B06B000AC039 /* OfferDetailsHeaderView.swift */; };
		991065352A7A306900368918 /* AboutCompany.swift in Sources */ = {isa = PBXBuildFile; fileRef = 991065342A7A306900368918 /* AboutCompany.swift */; };
		991065372A7A31CA00368918 /* AboutCompanyPageService.swift in Sources */ = {isa = PBXBuildFile; fileRef = 991065362A7A31CA00368918 /* AboutCompanyPageService.swift */; };
		99287B302A61CCCA00D0CF4B /* MapViewController.swift in Sources */ = {isa = PBXBuildFile; fileRef = 99287B2F2A61CCCA00D0CF4B /* MapViewController.swift */; };
		99499C512A7904C300CB9721 /* FaqViewController.swift in Sources */ = {isa = PBXBuildFile; fileRef = 99499C502A7904C300CB9721 /* FaqViewController.swift */; };
		99499C532A790D1900CB9721 /* FaqTableHeaderView.swift in Sources */ = {isa = PBXBuildFile; fileRef = 99499C522A790D1900CB9721 /* FaqTableHeaderView.swift */; };
		9950C0E82A5184080022C2F6 /* VerificationPageViewController.swift in Sources */ = {isa = PBXBuildFile; fileRef = 9950C0E72A5184080022C2F6 /* VerificationPageViewController.swift */; };
		9952D3262A602E47002321E8 /* ProfileTableHeaderView.swift in Sources */ = {isa = PBXBuildFile; fileRef = 9952D3252A602E47002321E8 /* ProfileTableHeaderView.swift */; };
		9952D3562A608080002321E8 /* ProfileSection.swift in Sources */ = {isa = PBXBuildFile; fileRef = 9952D3552A608080002321E8 /* ProfileSection.swift */; };
		995E96A42A7A05D000E96AEE /* FaqPageService.swift in Sources */ = {isa = PBXBuildFile; fileRef = 995E96A32A7A05D000E96AEE /* FaqPageService.swift */; };
		995E96A62A7A0C4600E96AEE /* QuestionAnswer.swift in Sources */ = {isa = PBXBuildFile; fileRef = 995E96A52A7A0C4600E96AEE /* QuestionAnswer.swift */; };
		995E96A92A7A167500E96AEE /* NationalBankCourseViewController.swift in Sources */ = {isa = PBXBuildFile; fileRef = 995E96A82A7A167500E96AEE /* NationalBankCourseViewController.swift */; };
		995E96AB2A7A178800E96AEE /* NationalBankPageService.swift in Sources */ = {isa = PBXBuildFile; fileRef = 995E96AA2A7A178800E96AEE /* NationalBankPageService.swift */; };
		995E96AE2A7A17E000E96AEE /* NationalBankUrl.swift in Sources */ = {isa = PBXBuildFile; fileRef = 995E96AD2A7A17E000E96AEE /* NationalBankUrl.swift */; };
		997BA5CF2A541F1B00267E0E /* CustomSkyFloatingLabelTextField.swift in Sources */ = {isa = PBXBuildFile; fileRef = 997BA5CE2A541F1B00267E0E /* CustomSkyFloatingLabelTextField.swift */; };
		9985BA512A65A9D800DD871C /* CustomInfoWindow.swift in Sources */ = {isa = PBXBuildFile; fileRef = 9985BA502A65A9D800DD871C /* CustomInfoWindow.swift */; };
		9985BA542A65BF0D00DD871C /* InputMask in Frameworks */ = {isa = PBXBuildFile; productRef = 9985BA532A65BF0D00DD871C /* InputMask */; };
		9987B0FD2A553B96005BB185 /* ClientOfferDetailsViewController.swift in Sources */ = {isa = PBXBuildFile; fileRef = 9987B0FC2A553B96005BB185 /* ClientOfferDetailsViewController.swift */; };
		998D66D02A6420BE00287FD4 /* PartnerOfferViewController.swift in Sources */ = {isa = PBXBuildFile; fileRef = 998D66CF2A6420BE00287FD4 /* PartnerOfferViewController.swift */; };
		998D66D42A64276400287FD4 /* AcceptedSendTableViewCell.swift in Sources */ = {isa = PBXBuildFile; fileRef = 998D66D32A64276400287FD4 /* AcceptedSendTableViewCell.swift */; };
		998D66D62A6447C500287FD4 /* ApplicationTableViewCell.swift in Sources */ = {isa = PBXBuildFile; fileRef = 998D66D52A6447C500287FD4 /* ApplicationTableViewCell.swift */; };
		998D66D82A64595000287FD4 /* ApplicationsHeaderView.swift in Sources */ = {isa = PBXBuildFile; fileRef = 998D66D72A64595000287FD4 /* ApplicationsHeaderView.swift */; };
		998D7B432A6D18A8002F6695 /* OtpRegistrationService.swift in Sources */ = {isa = PBXBuildFile; fileRef = 998D7B422A6D18A8002F6695 /* OtpRegistrationService.swift */; };
		998D7B462A6D1C4E002F6695 /* SnackBarController.swift in Sources */ = {isa = PBXBuildFile; fileRef = 998D7B452A6D1C4E002F6695 /* SnackBarController.swift */; };
		99A87FAA2A7FDA7D00F69D49 /* MapExchangersViewController.swift in Sources */ = {isa = PBXBuildFile; fileRef = 99A87FA92A7FDA7D00F69D49 /* MapExchangersViewController.swift */; };
		99A8FB632A696C0E00894C28 /* Inter-Bold.ttf in Resources */ = {isa = PBXBuildFile; fileRef = 99A8FB622A696C0E00894C28 /* Inter-Bold.ttf */; };
		99A8FB652A696C1400894C28 /* Inter-Medium.ttf in Resources */ = {isa = PBXBuildFile; fileRef = 99A8FB642A696C1400894C28 /* Inter-Medium.ttf */; };
		99A8FB672A696C1A00894C28 /* Inter-Regular.ttf in Resources */ = {isa = PBXBuildFile; fileRef = 99A8FB662A696C1A00894C28 /* Inter-Regular.ttf */; };
		99A8FB692A696C1F00894C28 /* Inter-SemiBold.ttf in Resources */ = {isa = PBXBuildFile; fileRef = 99A8FB682A696C1F00894C28 /* Inter-SemiBold.ttf */; };
		99B110CE2A7198EC00A24762 /* ProgressHudProtol.swift in Sources */ = {isa = PBXBuildFile; fileRef = 99B110CD2A7198EC00A24762 /* ProgressHudProtol.swift */; };
		99C158402A5EA1FE001091F7 /* ProfileViewController.swift in Sources */ = {isa = PBXBuildFile; fileRef = 99C1583F2A5EA1FE001091F7 /* ProfileViewController.swift */; };
		99C158482A5EBC42001091F7 /* ProfileTableViewCell.swift in Sources */ = {isa = PBXBuildFile; fileRef = 99C158472A5EBC42001091F7 /* ProfileTableViewCell.swift */; };
		99C19F552A6B099300D10021 /* User.swift in Sources */ = {isa = PBXBuildFile; fileRef = 99C19F542A6B099300D10021 /* User.swift */; };
		99D974002A680D8E00F7E506 /* AppColor.swift in Sources */ = {isa = PBXBuildFile; fileRef = 99D973FF2A680D8E00F7E506 /* AppColor.swift */; };
		99D974022A680FF400F7E506 /* AppImage.swift in Sources */ = {isa = PBXBuildFile; fileRef = 99D974012A680FF400F7E506 /* AppImage.swift */; };
		99D974082A68611D00F7E506 /* AppFont.swift in Sources */ = {isa = PBXBuildFile; fileRef = 99D974072A68611D00F7E506 /* AppFont.swift */; };
		99E854232A79632D0075CB78 /* FaqTableViewCell.swift in Sources */ = {isa = PBXBuildFile; fileRef = 99E854222A79632C0075CB78 /* FaqTableViewCell.swift */; };
		99E854262A7969000075CB78 /* Question.swift in Sources */ = {isa = PBXBuildFile; fileRef = 99E854252A7969000075CB78 /* Question.swift */; };
		99E941C02A666B1F00C47BD2 /* AppConstants.swift in Sources */ = {isa = PBXBuildFile; fileRef = 99E941BF2A666B1F00C47BD2 /* AppConstants.swift */; };
		9F1094372A5833E100648D14 /* SignInViewController.swift in Sources */ = {isa = PBXBuildFile; fileRef = 9F1094362A5833E100648D14 /* SignInViewController.swift */; };
		9F402A4A2A5BDC7400F9126C /* RateViewController.swift in Sources */ = {isa = PBXBuildFile; fileRef = 9F402A482A5BDC7400F9126C /* RateViewController.swift */; };
		9F402A4B2A5BDC7400F9126C /* StarButton.swift in Sources */ = {isa = PBXBuildFile; fileRef = 9F402A492A5BDC7400F9126C /* StarButton.swift */; };
		9F402A4E2A5BDDB500F9126C /* AboutCompanyViewController.swift in Sources */ = {isa = PBXBuildFile; fileRef = 9F402A4D2A5BDDB500F9126C /* AboutCompanyViewController.swift */; };
		9F63DF442A504C3200EA9060 /* SnapKit in Frameworks */ = {isa = PBXBuildFile; productRef = 9F63DF432A504C3200EA9060 /* SnapKit */; };
		9F63DF472A50540F00EA9060 /* Alamofire in Frameworks */ = {isa = PBXBuildFile; productRef = 9F63DF462A50540F00EA9060 /* Alamofire */; };
		9F899D812A4AFB44002D1F74 /* AppDelegate.swift in Sources */ = {isa = PBXBuildFile; fileRef = 9F899D802A4AFB44002D1F74 /* AppDelegate.swift */; };
		9F899D832A4AFB44002D1F74 /* SceneDelegate.swift in Sources */ = {isa = PBXBuildFile; fileRef = 9F899D822A4AFB44002D1F74 /* SceneDelegate.swift */; };
		9F899D852A4AFB44002D1F74 /* ViewController.swift in Sources */ = {isa = PBXBuildFile; fileRef = 9F899D842A4AFB44002D1F74 /* ViewController.swift */; };
		9F899D8A2A4AFB46002D1F74 /* Assets.xcassets in Resources */ = {isa = PBXBuildFile; fileRef = 9F899D892A4AFB46002D1F74 /* Assets.xcassets */; };
		9F899D8D2A4AFB46002D1F74 /* LaunchScreen.storyboard in Resources */ = {isa = PBXBuildFile; fileRef = 9F899D8B2A4AFB46002D1F74 /* LaunchScreen.storyboard */; };
		9FD284AA2A552EC000D9EB32 /* SelectLanguageViewController.swift in Sources */ = {isa = PBXBuildFile; fileRef = 9FD284A92A552EC000D9EB32 /* SelectLanguageViewController.swift */; };
		9FE945972A7388B3009020B7 /* SignInService.swift in Sources */ = {isa = PBXBuildFile; fileRef = 9FE945962A7388B3009020B7 /* SignInService.swift */; };
		9FEDDC8D2A602099005A3723 /* CurrencySelectorTableViewHeader.swift in Sources */ = {isa = PBXBuildFile; fileRef = 9FEDDC8A2A602099005A3723 /* CurrencySelectorTableViewHeader.swift */; };
		9FEDDC8E2A602099005A3723 /* CurrencySelectorViewController.swift in Sources */ = {isa = PBXBuildFile; fileRef = 9FEDDC8B2A602099005A3723 /* CurrencySelectorViewController.swift */; };
		9FEDDC8F2A602099005A3723 /* CurrencySelectorTableViewCell.swift in Sources */ = {isa = PBXBuildFile; fileRef = 9FEDDC8C2A602099005A3723 /* CurrencySelectorTableViewCell.swift */; };
		9FF456E92A5E716F00C2E845 /* MainPageViewController.swift in Sources */ = {isa = PBXBuildFile; fileRef = 9FF456E82A5E716F00C2E845 /* MainPageViewController.swift */; };
		9FF456F22A5FC2D700C2E845 /* LanguageAppViewController.swift in Sources */ = {isa = PBXBuildFile; fileRef = 9FF456F02A5FC2D700C2E845 /* LanguageAppViewController.swift */; };
		9FF456F32A5FC2D700C2E845 /* LanguageTableViewCell.swift in Sources */ = {isa = PBXBuildFile; fileRef = 9FF456F12A5FC2D700C2E845 /* LanguageTableViewCell.swift */; };
		9FF456F82A5FC4EA00C2E845 /* SupportTableViewCell.swift in Sources */ = {isa = PBXBuildFile; fileRef = 9FF456F62A5FC4EA00C2E845 /* SupportTableViewCell.swift */; };
		9FF456FB2A5FC54100C2E845 /* ToSupportViewController.swift in Sources */ = {isa = PBXBuildFile; fileRef = 9FF456FA2A5FC54100C2E845 /* ToSupportViewController.swift */; };
		9FF456FE2A60183D00C2E845 /* EmptyViewController.swift in Sources */ = {isa = PBXBuildFile; fileRef = 9FF456FD2A60183D00C2E845 /* EmptyViewController.swift */; };
		9FF55D5A2A694A1D00A11284 /* OfferViewController.swift in Sources */ = {isa = PBXBuildFile; fileRef = 9FF55D562A694A1D00A11284 /* OfferViewController.swift */; };
		9FF55D5B2A694A1D00A11284 /* OfferTableViewHeaderView.swift in Sources */ = {isa = PBXBuildFile; fileRef = 9FF55D572A694A1D00A11284 /* OfferTableViewHeaderView.swift */; };
		9FF55D5D2A694A1D00A11284 /* OfferTableViewCell.swift in Sources */ = {isa = PBXBuildFile; fileRef = 9FF55D592A694A1D00A11284 /* OfferTableViewCell.swift */; };
		ED4CBDD11BE87149A8B0125E /* Pods_kurs_kz.framework in Frameworks */ = {isa = PBXBuildFile; fileRef = 7ED0A21762FD7FBCA944A33E /* Pods_kurs_kz.framework */; };
		FA095B602A71B98E006BE687 /* SortingButtonModel.swift in Sources */ = {isa = PBXBuildFile; fileRef = FA095B5F2A71B98E006BE687 /* SortingButtonModel.swift */; };
		FA0E72922A6095C900EEAD48 /* PanModal in Frameworks */ = {isa = PBXBuildFile; productRef = FA0E72912A6095C900EEAD48 /* PanModal */; };
		FA1475252A5416C80085AF1E /* PaddedTextField.swift in Sources */ = {isa = PBXBuildFile; fileRef = FA1475242A5416C80085AF1E /* PaddedTextField.swift */; };
		FA1475272A5431C60085AF1E /* PasswordTextField.swift in Sources */ = {isa = PBXBuildFile; fileRef = FA1475262A5431C60085AF1E /* PasswordTextField.swift */; };
		FA1475292A5431F80085AF1E /* ShowHideTextButton.swift in Sources */ = {isa = PBXBuildFile; fileRef = FA1475282A5431F80085AF1E /* ShowHideTextButton.swift */; };
		FA1C82192A6C75DB0064BB72 /* ExchangerListService.swift in Sources */ = {isa = PBXBuildFile; fileRef = FA1C82182A6C75DB0064BB72 /* ExchangerListService.swift */; };
		FA357BC22A58B35A005D5271 /* MainTabBarViewController.swift in Sources */ = {isa = PBXBuildFile; fileRef = FA357BC12A58B35A005D5271 /* MainTabBarViewController.swift */; };
		FA5759812A63D9F100DE9A6B /* ExchangeListTableViewCell.swift in Sources */ = {isa = PBXBuildFile; fileRef = FA5759802A63D9F100DE9A6B /* ExchangeListTableViewCell.swift */; };
		FA5759832A63E8F500DE9A6B /* Exchanger.swift in Sources */ = {isa = PBXBuildFile; fileRef = FA5759822A63E8F500DE9A6B /* Exchanger.swift */; };
		FA5759862A64273200DE9A6B /* ExchangeListViewController.swift in Sources */ = {isa = PBXBuildFile; fileRef = FA5759852A64273200DE9A6B /* ExchangeListViewController.swift */; };
		FA5759882A66653C00DE9A6B /* ExchangeListHeaderView.swift in Sources */ = {isa = PBXBuildFile; fileRef = FA5759872A66653C00DE9A6B /* ExchangeListHeaderView.swift */; };
		FA57598A2A669B8C00DE9A6B /* NavigationBarCurencyButtonView.swift in Sources */ = {isa = PBXBuildFile; fileRef = FA5759892A669B8C00DE9A6B /* NavigationBarCurencyButtonView.swift */; };
		FA57598D2A67CC1600DE9A6B /* OfferSellBuySegmentedController.swift in Sources */ = {isa = PBXBuildFile; fileRef = FA57598C2A67CC1500DE9A6B /* OfferSellBuySegmentedController.swift */; };
		FA57598F2A692B2100DE9A6B /* CurrencySelectorListService.swift in Sources */ = {isa = PBXBuildFile; fileRef = FA57598E2A692B2100DE9A6B /* CurrencySelectorListService.swift */; };
		FA5759912A692B4700DE9A6B /* Currency.swift in Sources */ = {isa = PBXBuildFile; fileRef = FA5759902A692B4700DE9A6B /* Currency.swift */; };
		FA74EA7D2A52C8D900578C21 /* RegistrationPasswordViewController.swift in Sources */ = {isa = PBXBuildFile; fileRef = FA74EA7C2A52C8D900578C21 /* RegistrationPasswordViewController.swift */; };
		FACE0B002A5D2E880032FA65 /* OfferSellViewController.swift in Sources */ = {isa = PBXBuildFile; fileRef = FACE0AFF2A5D2E880032FA65 /* OfferSellViewController.swift */; };
		FACEE05E2A69A595000D5CD6 /* CurrencySelectorListServiceDelegate.swift in Sources */ = {isa = PBXBuildFile; fileRef = FACEE05D2A69A595000D5CD6 /* CurrencySelectorListServiceDelegate.swift */; };
		FACEE0602A69B183000D5CD6 /* SelectedLanguage.swift in Sources */ = {isa = PBXBuildFile; fileRef = FACEE05F2A69B183000D5CD6 /* SelectedLanguage.swift */; };
		FAD47F922A50A2A60055EDEA /* RegistrationPersonalDataViewController.swift in Sources */ = {isa = PBXBuildFile; fileRef = FAD47F912A50A2A60055EDEA /* RegistrationPersonalDataViewController.swift */; };
		FAEEE7552A5D55E8007FB7A6 /* OfferSellCurrencyView.swift in Sources */ = {isa = PBXBuildFile; fileRef = FAEEE7542A5D55E8007FB7A6 /* OfferSellCurrencyView.swift */; };
/* End PBXBuildFile section */

/* Begin PBXFileReference section */
		220C3F382A5FD9F6000002DB /* MyExchangesViewController.swift */ = {isa = PBXFileReference; lastKnownFileType = sourcecode.swift; path = MyExchangesViewController.swift; sourceTree = "<group>"; };
		220C3F3A2A5FEBD3000002DB /* MyExchangesTableViewCell.swift */ = {isa = PBXFileReference; lastKnownFileType = sourcecode.swift; path = MyExchangesTableViewCell.swift; sourceTree = "<group>"; };
		220C3F422A62822F000002DB /* ExchangerScreenViewController.swift */ = {isa = PBXFileReference; lastKnownFileType = sourcecode.swift; path = ExchangerScreenViewController.swift; sourceTree = "<group>"; };
		220C3F442A628310000002DB /* ExchangerScreenTableViewCell.swift */ = {isa = PBXFileReference; lastKnownFileType = sourcecode.swift; path = ExchangerScreenTableViewCell.swift; sourceTree = "<group>"; };
		223C9C622A640AB8008FE874 /* ExchangerScreenTextCellTableViewCell.swift */ = {isa = PBXFileReference; lastKnownFileType = sourcecode.swift; path = ExchangerScreenTextCellTableViewCell.swift; sourceTree = "<group>"; };
		223C9C642A648DDE008FE874 /* Paddinglabel.swift */ = {isa = PBXFileReference; lastKnownFileType = sourcecode.swift; path = Paddinglabel.swift; sourceTree = "<group>"; };
		618978022A541CD5009DFF0B /* SelectCityViewController.swift */ = {isa = PBXFileReference; lastKnownFileType = sourcecode.swift; path = SelectCityViewController.swift; sourceTree = "<group>"; };
		618978042A549426009DFF0B /* CityTableViewCell.swift */ = {isa = PBXFileReference; lastKnownFileType = sourcecode.swift; path = CityTableViewCell.swift; sourceTree = "<group>"; };
		6189CFC92A78315000175333 /* City.swift */ = {isa = PBXFileReference; lastKnownFileType = sourcecode.swift; path = City.swift; sourceTree = "<group>"; };
		61D25BDB2A69B02200BC9DB7 /* OfferSkyFloatingLabelTextField.swift */ = {isa = PBXFileReference; lastKnownFileType = sourcecode.swift; path = OfferSkyFloatingLabelTextField.swift; sourceTree = "<group>"; };
		61D25BDF2A6D7B6900BC9DB7 /* SectionHeaderView.swift */ = {isa = PBXFileReference; lastKnownFileType = sourcecode.swift; path = SectionHeaderView.swift; sourceTree = "<group>"; };
		61D25BE32A6EEE0800BC9DB7 /* ChangeExchangeRateViewController.swift */ = {isa = PBXFileReference; lastKnownFileType = sourcecode.swift; path = ChangeExchangeRateViewController.swift; sourceTree = "<group>"; };
		71564ABD2A6A9CEE00979090 /* ExchangeRateTableViewHeaderView.swift */ = {isa = PBXFileReference; fileEncoding = 4; lastKnownFileType = sourcecode.swift; name = ExchangeRateTableViewHeaderView.swift; path = kurs.kz/ExchangeRate/ExchangeRateTableViewHeaderView.swift; sourceTree = SOURCE_ROOT; };
		71564ABE2A6A9CEE00979090 /* ExchangeRateTableViewCell.swift */ = {isa = PBXFileReference; fileEncoding = 4; lastKnownFileType = sourcecode.swift; name = ExchangeRateTableViewCell.swift; path = kurs.kz/ExchangeRate/ExchangeRateTableViewCell.swift; sourceTree = SOURCE_ROOT; };
		71564ABF2A6A9CEE00979090 /* ExchangeRateTableViewFooterView.swift */ = {isa = PBXFileReference; fileEncoding = 4; lastKnownFileType = sourcecode.swift; name = ExchangeRateTableViewFooterView.swift; path = kurs.kz/ExchangeRate/ExchangeRateTableViewFooterView.swift; sourceTree = SOURCE_ROOT; };
		71564AC02A6A9CEE00979090 /* ExchangeRateViewController.swift */ = {isa = PBXFileReference; fileEncoding = 4; lastKnownFileType = sourcecode.swift; name = ExchangeRateViewController.swift; path = kurs.kz/ExchangeRate/ExchangeRateViewController.swift; sourceTree = SOURCE_ROOT; };
		71564AC72A70B8E300979090 /* Auth.swift */ = {isa = PBXFileReference; lastKnownFileType = sourcecode.swift; path = Auth.swift; sourceTree = "<group>"; };
		71D01EB22A5D493200422491 /* NotificationsViewController.swift */ = {isa = PBXFileReference; lastKnownFileType = sourcecode.swift; path = NotificationsViewController.swift; sourceTree = "<group>"; };
		71D01EB42A5D525000422491 /* NotificationsTableViewCell.swift */ = {isa = PBXFileReference; lastKnownFileType = sourcecode.swift; path = NotificationsTableViewCell.swift; sourceTree = "<group>"; };
		71D01EB82A5E746C00422491 /* NotificationsSectionHeaderView.swift */ = {isa = PBXFileReference; lastKnownFileType = sourcecode.swift; path = NotificationsSectionHeaderView.swift; sourceTree = "<group>"; };
		7ED0A21762FD7FBCA944A33E /* Pods_kurs_kz.framework */ = {isa = PBXFileReference; explicitFileType = wrapper.framework; includeInIndex = 0; path = Pods_kurs_kz.framework; sourceTree = BUILT_PRODUCTS_DIR; };
		816C2EB4C7D45CD8044A9541 /* Pods-kurs.kz.release.xcconfig */ = {isa = PBXFileReference; includeInIndex = 1; lastKnownFileType = text.xcconfig; name = "Pods-kurs.kz.release.xcconfig"; path = "Target Support Files/Pods-kurs.kz/Pods-kurs.kz.release.xcconfig"; sourceTree = "<group>"; };
		8F06DEA42A61B03300637A68 /* ExchangeDollarViewController.swift */ = {isa = PBXFileReference; lastKnownFileType = sourcecode.swift; path = ExchangeDollarViewController.swift; sourceTree = "<group>"; };
		8F06DEA62A61B08400637A68 /* ExchangeDollarTableViewCell.swift */ = {isa = PBXFileReference; lastKnownFileType = sourcecode.swift; path = ExchangeDollarTableViewCell.swift; sourceTree = "<group>"; };
		8F06DEA82A61B0C800637A68 /* ExchangeDollarTableViewHeaderView.swift */ = {isa = PBXFileReference; lastKnownFileType = sourcecode.swift; path = ExchangeDollarTableViewHeaderView.swift; sourceTree = "<group>"; };
		8F06DEAA2A61B0F800637A68 /* ExchangeDollarTableViewFooterView.swift */ = {isa = PBXFileReference; lastKnownFileType = sourcecode.swift; path = ExchangeDollarTableViewFooterView.swift; sourceTree = "<group>"; };
		8F816F082A76B59500AF4BA9 /* CalculatorTableViewHeaderView.swift */ = {isa = PBXFileReference; fileEncoding = 4; lastKnownFileType = sourcecode.swift; name = CalculatorTableViewHeaderView.swift; path = kurs.kz/Calculator/CalculatorTableViewHeaderView.swift; sourceTree = SOURCE_ROOT; };
		8F816F092A76B59500AF4BA9 /* CalculatorTableViewCell.swift */ = {isa = PBXFileReference; fileEncoding = 4; lastKnownFileType = sourcecode.swift; name = CalculatorTableViewCell.swift; path = kurs.kz/Calculator/CalculatorTableViewCell.swift; sourceTree = SOURCE_ROOT; };
		8F816F0A2A76B59500AF4BA9 /* CalculatorViewController.swift */ = {isa = PBXFileReference; fileEncoding = 4; lastKnownFileType = sourcecode.swift; name = CalculatorViewController.swift; path = kurs.kz/Calculator/CalculatorViewController.swift; sourceTree = SOURCE_ROOT; };
		8F8189D82A6066780082F80F /* CartExchangeFeedbackViewController.swift */ = {isa = PBXFileReference; lastKnownFileType = sourcecode.swift; path = CartExchangeFeedbackViewController.swift; sourceTree = "<group>"; };
		8F8189DA2A6066840082F80F /* CartExchangeFeedbackViewCell.swift */ = {isa = PBXFileReference; lastKnownFileType = sourcecode.swift; path = CartExchangeFeedbackViewCell.swift; sourceTree = "<group>"; };
		8FCA83252A71227C003CD865 /* OfferSendedViewController.swift */ = {isa = PBXFileReference; fileEncoding = 4; lastKnownFileType = sourcecode.swift; name = OfferSendedViewController.swift; path = kurs.kz/OfferSended/OfferSendedViewController.swift; sourceTree = SOURCE_ROOT; };
		8FCA83262A71227C003CD865 /* OfferSendedHeader.swift */ = {isa = PBXFileReference; fileEncoding = 4; lastKnownFileType = sourcecode.swift; name = OfferSendedHeader.swift; path = kurs.kz/OfferSended/OfferSendedHeader.swift; sourceTree = SOURCE_ROOT; };
		8FCA83272A71227C003CD865 /* OfferSendedTableViewCell.swift */ = {isa = PBXFileReference; fileEncoding = 4; lastKnownFileType = sourcecode.swift; name = OfferSendedTableViewCell.swift; path = kurs.kz/OfferSended/OfferSendedTableViewCell.swift; sourceTree = SOURCE_ROOT; };
		93686847FFF700FEE4E2943F /* Pods-kurs.kz.debug.xcconfig */ = {isa = PBXFileReference; includeInIndex = 1; lastKnownFileType = text.xcconfig; name = "Pods-kurs.kz.debug.xcconfig"; path = "Target Support Files/Pods-kurs.kz/Pods-kurs.kz.debug.xcconfig"; sourceTree = "<group>"; };
		990100482A50B99B003EE3C4 /* SignUpViewController.swift */ = {isa = PBXFileReference; lastKnownFileType = sourcecode.swift; path = SignUpViewController.swift; sourceTree = "<group>"; };
		9909CB112A559F8B000AC039 /* OfferDetailsTableViewCell.swift */ = {isa = PBXFileReference; lastKnownFileType = sourcecode.swift; path = OfferDetailsTableViewCell.swift; sourceTree = "<group>"; };
		9909CB132A55AA90000AC039 /* Detail.swift */ = {isa = PBXFileReference; lastKnownFileType = sourcecode.swift; path = Detail.swift; sourceTree = "<group>"; };
		9909CB162A55B06B000AC039 /* OfferDetailsHeaderView.swift */ = {isa = PBXFileReference; lastKnownFileType = sourcecode.swift; path = OfferDetailsHeaderView.swift; sourceTree = "<group>"; };
		991065342A7A306900368918 /* AboutCompany.swift */ = {isa = PBXFileReference; lastKnownFileType = sourcecode.swift; name = AboutCompany.swift; path = kurs.kz/NationalBankCourse/Model/AboutCompany.swift; sourceTree = SOURCE_ROOT; };
		991065362A7A31CA00368918 /* AboutCompanyPageService.swift */ = {isa = PBXFileReference; lastKnownFileType = sourcecode.swift; name = AboutCompanyPageService.swift; path = kurs.kz/NationalBankCourse/Model/AboutCompanyPageService.swift; sourceTree = SOURCE_ROOT; };
		99287B2F2A61CCCA00D0CF4B /* MapViewController.swift */ = {isa = PBXFileReference; lastKnownFileType = sourcecode.swift; path = MapViewController.swift; sourceTree = "<group>"; };
		99499C502A7904C300CB9721 /* FaqViewController.swift */ = {isa = PBXFileReference; lastKnownFileType = sourcecode.swift; path = FaqViewController.swift; sourceTree = "<group>"; };
		99499C522A790D1900CB9721 /* FaqTableHeaderView.swift */ = {isa = PBXFileReference; lastKnownFileType = sourcecode.swift; path = FaqTableHeaderView.swift; sourceTree = "<group>"; };
		9950C0E72A5184080022C2F6 /* VerificationPageViewController.swift */ = {isa = PBXFileReference; lastKnownFileType = sourcecode.swift; path = VerificationPageViewController.swift; sourceTree = "<group>"; };
		9952D3252A602E47002321E8 /* ProfileTableHeaderView.swift */ = {isa = PBXFileReference; lastKnownFileType = sourcecode.swift; path = ProfileTableHeaderView.swift; sourceTree = "<group>"; };
		9952D3552A608080002321E8 /* ProfileSection.swift */ = {isa = PBXFileReference; lastKnownFileType = sourcecode.swift; path = ProfileSection.swift; sourceTree = "<group>"; };
		995E96A32A7A05D000E96AEE /* FaqPageService.swift */ = {isa = PBXFileReference; lastKnownFileType = sourcecode.swift; path = FaqPageService.swift; sourceTree = "<group>"; };
		995E96A52A7A0C4600E96AEE /* QuestionAnswer.swift */ = {isa = PBXFileReference; lastKnownFileType = sourcecode.swift; path = QuestionAnswer.swift; sourceTree = "<group>"; };
		995E96A82A7A167500E96AEE /* NationalBankCourseViewController.swift */ = {isa = PBXFileReference; lastKnownFileType = sourcecode.swift; path = NationalBankCourseViewController.swift; sourceTree = "<group>"; };
		995E96AA2A7A178800E96AEE /* NationalBankPageService.swift */ = {isa = PBXFileReference; lastKnownFileType = sourcecode.swift; path = NationalBankPageService.swift; sourceTree = "<group>"; };
		995E96AD2A7A17E000E96AEE /* NationalBankUrl.swift */ = {isa = PBXFileReference; lastKnownFileType = sourcecode.swift; path = NationalBankUrl.swift; sourceTree = "<group>"; };
		997BA5CE2A541F1B00267E0E /* CustomSkyFloatingLabelTextField.swift */ = {isa = PBXFileReference; lastKnownFileType = sourcecode.swift; path = CustomSkyFloatingLabelTextField.swift; sourceTree = "<group>"; };
		9985BA502A65A9D800DD871C /* CustomInfoWindow.swift */ = {isa = PBXFileReference; lastKnownFileType = sourcecode.swift; path = CustomInfoWindow.swift; sourceTree = "<group>"; };
		9987B0FC2A553B96005BB185 /* ClientOfferDetailsViewController.swift */ = {isa = PBXFileReference; lastKnownFileType = sourcecode.swift; path = ClientOfferDetailsViewController.swift; sourceTree = "<group>"; };
		998D66CF2A6420BE00287FD4 /* PartnerOfferViewController.swift */ = {isa = PBXFileReference; lastKnownFileType = sourcecode.swift; path = PartnerOfferViewController.swift; sourceTree = "<group>"; };
		998D66D32A64276400287FD4 /* AcceptedSendTableViewCell.swift */ = {isa = PBXFileReference; lastKnownFileType = sourcecode.swift; path = AcceptedSendTableViewCell.swift; sourceTree = "<group>"; };
		998D66D52A6447C500287FD4 /* ApplicationTableViewCell.swift */ = {isa = PBXFileReference; lastKnownFileType = sourcecode.swift; path = ApplicationTableViewCell.swift; sourceTree = "<group>"; };
		998D66D72A64595000287FD4 /* ApplicationsHeaderView.swift */ = {isa = PBXFileReference; lastKnownFileType = sourcecode.swift; path = ApplicationsHeaderView.swift; sourceTree = "<group>"; };
		998D7B422A6D18A8002F6695 /* OtpRegistrationService.swift */ = {isa = PBXFileReference; lastKnownFileType = sourcecode.swift; path = OtpRegistrationService.swift; sourceTree = "<group>"; };
		998D7B452A6D1C4E002F6695 /* SnackBarController.swift */ = {isa = PBXFileReference; lastKnownFileType = sourcecode.swift; path = SnackBarController.swift; sourceTree = "<group>"; };
		99A87FA92A7FDA7D00F69D49 /* MapExchangersViewController.swift */ = {isa = PBXFileReference; lastKnownFileType = sourcecode.swift; path = MapExchangersViewController.swift; sourceTree = "<group>"; };
		99A8FB622A696C0E00894C28 /* Inter-Bold.ttf */ = {isa = PBXFileReference; lastKnownFileType = file; path = "Inter-Bold.ttf"; sourceTree = "<group>"; };
		99A8FB642A696C1400894C28 /* Inter-Medium.ttf */ = {isa = PBXFileReference; lastKnownFileType = file; path = "Inter-Medium.ttf"; sourceTree = "<group>"; };
		99A8FB662A696C1A00894C28 /* Inter-Regular.ttf */ = {isa = PBXFileReference; lastKnownFileType = file; path = "Inter-Regular.ttf"; sourceTree = "<group>"; };
		99A8FB682A696C1F00894C28 /* Inter-SemiBold.ttf */ = {isa = PBXFileReference; lastKnownFileType = file; path = "Inter-SemiBold.ttf"; sourceTree = "<group>"; };
		99B110CD2A7198EC00A24762 /* ProgressHudProtol.swift */ = {isa = PBXFileReference; lastKnownFileType = sourcecode.swift; path = ProgressHudProtol.swift; sourceTree = "<group>"; };
		99C1583F2A5EA1FE001091F7 /* ProfileViewController.swift */ = {isa = PBXFileReference; lastKnownFileType = sourcecode.swift; path = ProfileViewController.swift; sourceTree = "<group>"; };
		99C158472A5EBC42001091F7 /* ProfileTableViewCell.swift */ = {isa = PBXFileReference; lastKnownFileType = sourcecode.swift; path = ProfileTableViewCell.swift; sourceTree = "<group>"; };
		99C19F542A6B099300D10021 /* User.swift */ = {isa = PBXFileReference; lastKnownFileType = sourcecode.swift; path = User.swift; sourceTree = "<group>"; };
		99D973FF2A680D8E00F7E506 /* AppColor.swift */ = {isa = PBXFileReference; lastKnownFileType = sourcecode.swift; path = AppColor.swift; sourceTree = "<group>"; };
		99D974012A680FF400F7E506 /* AppImage.swift */ = {isa = PBXFileReference; lastKnownFileType = sourcecode.swift; path = AppImage.swift; sourceTree = "<group>"; };
		99D974072A68611D00F7E506 /* AppFont.swift */ = {isa = PBXFileReference; lastKnownFileType = sourcecode.swift; path = AppFont.swift; sourceTree = "<group>"; };
		99E854222A79632C0075CB78 /* FaqTableViewCell.swift */ = {isa = PBXFileReference; lastKnownFileType = sourcecode.swift; path = FaqTableViewCell.swift; sourceTree = "<group>"; };
		99E854252A7969000075CB78 /* Question.swift */ = {isa = PBXFileReference; lastKnownFileType = sourcecode.swift; path = Question.swift; sourceTree = "<group>"; };
		99E941BF2A666B1F00C47BD2 /* AppConstants.swift */ = {isa = PBXFileReference; lastKnownFileType = sourcecode.swift; path = AppConstants.swift; sourceTree = "<group>"; };
		9F1094362A5833E100648D14 /* SignInViewController.swift */ = {isa = PBXFileReference; fileEncoding = 4; lastKnownFileType = sourcecode.swift; path = SignInViewController.swift; sourceTree = "<group>"; };
		9F402A482A5BDC7400F9126C /* RateViewController.swift */ = {isa = PBXFileReference; fileEncoding = 4; lastKnownFileType = sourcecode.swift; name = RateViewController.swift; path = "kurs.kz/Exchange Card/RateViewController.swift"; sourceTree = SOURCE_ROOT; };
		9F402A492A5BDC7400F9126C /* StarButton.swift */ = {isa = PBXFileReference; fileEncoding = 4; lastKnownFileType = sourcecode.swift; name = StarButton.swift; path = "kurs.kz/Exchange Card/StarButton.swift"; sourceTree = SOURCE_ROOT; };
		9F402A4D2A5BDDB500F9126C /* AboutCompanyViewController.swift */ = {isa = PBXFileReference; fileEncoding = 4; lastKnownFileType = sourcecode.swift; name = AboutCompanyViewController.swift; path = kurs.kz/AboutCompany/AboutCompanyViewController.swift; sourceTree = SOURCE_ROOT; };
		9F899D7D2A4AFB43002D1F74 /* kurs.kz.app */ = {isa = PBXFileReference; explicitFileType = wrapper.application; includeInIndex = 0; path = kurs.kz.app; sourceTree = BUILT_PRODUCTS_DIR; };
		9F899D802A4AFB44002D1F74 /* AppDelegate.swift */ = {isa = PBXFileReference; lastKnownFileType = sourcecode.swift; path = AppDelegate.swift; sourceTree = "<group>"; };
		9F899D822A4AFB44002D1F74 /* SceneDelegate.swift */ = {isa = PBXFileReference; lastKnownFileType = sourcecode.swift; path = SceneDelegate.swift; sourceTree = "<group>"; };
		9F899D842A4AFB44002D1F74 /* ViewController.swift */ = {isa = PBXFileReference; lastKnownFileType = sourcecode.swift; path = ViewController.swift; sourceTree = "<group>"; };
		9F899D892A4AFB46002D1F74 /* Assets.xcassets */ = {isa = PBXFileReference; lastKnownFileType = folder.assetcatalog; path = Assets.xcassets; sourceTree = "<group>"; };
		9F899D8C2A4AFB46002D1F74 /* Base */ = {isa = PBXFileReference; lastKnownFileType = file.storyboard; name = Base; path = Base.lproj/LaunchScreen.storyboard; sourceTree = "<group>"; };
		9F899D8E2A4AFB46002D1F74 /* Info.plist */ = {isa = PBXFileReference; lastKnownFileType = text.plist.xml; path = Info.plist; sourceTree = "<group>"; };
		9FD284A92A552EC000D9EB32 /* SelectLanguageViewController.swift */ = {isa = PBXFileReference; fileEncoding = 4; lastKnownFileType = sourcecode.swift; path = SelectLanguageViewController.swift; sourceTree = "<group>"; };
		9FE945962A7388B3009020B7 /* SignInService.swift */ = {isa = PBXFileReference; lastKnownFileType = sourcecode.swift; path = SignInService.swift; sourceTree = "<group>"; };
		9FEDDC8A2A602099005A3723 /* CurrencySelectorTableViewHeader.swift */ = {isa = PBXFileReference; fileEncoding = 4; lastKnownFileType = sourcecode.swift; path = CurrencySelectorTableViewHeader.swift; sourceTree = "<group>"; };
		9FEDDC8B2A602099005A3723 /* CurrencySelectorViewController.swift */ = {isa = PBXFileReference; fileEncoding = 4; lastKnownFileType = sourcecode.swift; path = CurrencySelectorViewController.swift; sourceTree = "<group>"; };
		9FEDDC8C2A602099005A3723 /* CurrencySelectorTableViewCell.swift */ = {isa = PBXFileReference; fileEncoding = 4; lastKnownFileType = sourcecode.swift; path = CurrencySelectorTableViewCell.swift; sourceTree = "<group>"; };
		9FF456E82A5E716F00C2E845 /* MainPageViewController.swift */ = {isa = PBXFileReference; fileEncoding = 4; lastKnownFileType = sourcecode.swift; name = MainPageViewController.swift; path = kurs.kz/MainPage/MainPageViewController.swift; sourceTree = SOURCE_ROOT; };
		9FF456F02A5FC2D700C2E845 /* LanguageAppViewController.swift */ = {isa = PBXFileReference; fileEncoding = 4; lastKnownFileType = sourcecode.swift; name = LanguageAppViewController.swift; path = kurs.kz/Language/LanguageAppViewController.swift; sourceTree = SOURCE_ROOT; };
		9FF456F12A5FC2D700C2E845 /* LanguageTableViewCell.swift */ = {isa = PBXFileReference; fileEncoding = 4; lastKnownFileType = sourcecode.swift; name = LanguageTableViewCell.swift; path = kurs.kz/Language/LanguageTableViewCell.swift; sourceTree = SOURCE_ROOT; };
		9FF456F62A5FC4EA00C2E845 /* SupportTableViewCell.swift */ = {isa = PBXFileReference; fileEncoding = 4; lastKnownFileType = sourcecode.swift; name = SupportTableViewCell.swift; path = kurs.kz/Support/SupportTableViewCell.swift; sourceTree = SOURCE_ROOT; };
		9FF456FA2A5FC54100C2E845 /* ToSupportViewController.swift */ = {isa = PBXFileReference; fileEncoding = 4; lastKnownFileType = sourcecode.swift; name = ToSupportViewController.swift; path = kurs.kz/Support/ToSupportViewController.swift; sourceTree = SOURCE_ROOT; };
		9FF456FD2A60183D00C2E845 /* EmptyViewController.swift */ = {isa = PBXFileReference; lastKnownFileType = sourcecode.swift; path = EmptyViewController.swift; sourceTree = "<group>"; };
		9FF55D562A694A1D00A11284 /* OfferViewController.swift */ = {isa = PBXFileReference; fileEncoding = 4; lastKnownFileType = sourcecode.swift; path = OfferViewController.swift; sourceTree = "<group>"; };
		9FF55D572A694A1D00A11284 /* OfferTableViewHeaderView.swift */ = {isa = PBXFileReference; fileEncoding = 4; lastKnownFileType = sourcecode.swift; path = OfferTableViewHeaderView.swift; sourceTree = "<group>"; };
		9FF55D592A694A1D00A11284 /* OfferTableViewCell.swift */ = {isa = PBXFileReference; fileEncoding = 4; lastKnownFileType = sourcecode.swift; path = OfferTableViewCell.swift; sourceTree = "<group>"; };
		FA095B5F2A71B98E006BE687 /* SortingButtonModel.swift */ = {isa = PBXFileReference; lastKnownFileType = sourcecode.swift; path = SortingButtonModel.swift; sourceTree = "<group>"; };
		FA1475242A5416C80085AF1E /* PaddedTextField.swift */ = {isa = PBXFileReference; lastKnownFileType = sourcecode.swift; path = PaddedTextField.swift; sourceTree = "<group>"; };
		FA1475262A5431C60085AF1E /* PasswordTextField.swift */ = {isa = PBXFileReference; lastKnownFileType = sourcecode.swift; path = PasswordTextField.swift; sourceTree = "<group>"; };
		FA1475282A5431F80085AF1E /* ShowHideTextButton.swift */ = {isa = PBXFileReference; lastKnownFileType = sourcecode.swift; path = ShowHideTextButton.swift; sourceTree = "<group>"; };
		FA1C82182A6C75DB0064BB72 /* ExchangerListService.swift */ = {isa = PBXFileReference; lastKnownFileType = sourcecode.swift; path = ExchangerListService.swift; sourceTree = "<group>"; };
		FA357BC12A58B35A005D5271 /* MainTabBarViewController.swift */ = {isa = PBXFileReference; lastKnownFileType = sourcecode.swift; path = MainTabBarViewController.swift; sourceTree = "<group>"; };
		FA5759802A63D9F100DE9A6B /* ExchangeListTableViewCell.swift */ = {isa = PBXFileReference; lastKnownFileType = sourcecode.swift; path = ExchangeListTableViewCell.swift; sourceTree = "<group>"; };
		FA5759822A63E8F500DE9A6B /* Exchanger.swift */ = {isa = PBXFileReference; lastKnownFileType = sourcecode.swift; path = Exchanger.swift; sourceTree = "<group>"; };
		FA5759852A64273200DE9A6B /* ExchangeListViewController.swift */ = {isa = PBXFileReference; lastKnownFileType = sourcecode.swift; path = ExchangeListViewController.swift; sourceTree = "<group>"; };
		FA5759872A66653C00DE9A6B /* ExchangeListHeaderView.swift */ = {isa = PBXFileReference; lastKnownFileType = sourcecode.swift; path = ExchangeListHeaderView.swift; sourceTree = "<group>"; };
		FA5759892A669B8C00DE9A6B /* NavigationBarCurencyButtonView.swift */ = {isa = PBXFileReference; lastKnownFileType = sourcecode.swift; path = NavigationBarCurencyButtonView.swift; sourceTree = "<group>"; };
		FA57598C2A67CC1500DE9A6B /* OfferSellBuySegmentedController.swift */ = {isa = PBXFileReference; lastKnownFileType = sourcecode.swift; path = OfferSellBuySegmentedController.swift; sourceTree = "<group>"; };
		FA57598E2A692B2100DE9A6B /* CurrencySelectorListService.swift */ = {isa = PBXFileReference; lastKnownFileType = sourcecode.swift; path = CurrencySelectorListService.swift; sourceTree = "<group>"; };
		FA5759902A692B4700DE9A6B /* Currency.swift */ = {isa = PBXFileReference; lastKnownFileType = sourcecode.swift; path = Currency.swift; sourceTree = "<group>"; };
		FA74EA7C2A52C8D900578C21 /* RegistrationPasswordViewController.swift */ = {isa = PBXFileReference; lastKnownFileType = sourcecode.swift; path = RegistrationPasswordViewController.swift; sourceTree = "<group>"; };
		FACE0AFF2A5D2E880032FA65 /* OfferSellViewController.swift */ = {isa = PBXFileReference; lastKnownFileType = sourcecode.swift; path = OfferSellViewController.swift; sourceTree = "<group>"; };
		FACEE05D2A69A595000D5CD6 /* CurrencySelectorListServiceDelegate.swift */ = {isa = PBXFileReference; lastKnownFileType = sourcecode.swift; path = CurrencySelectorListServiceDelegate.swift; sourceTree = "<group>"; };
		FACEE05F2A69B183000D5CD6 /* SelectedLanguage.swift */ = {isa = PBXFileReference; lastKnownFileType = sourcecode.swift; path = SelectedLanguage.swift; sourceTree = "<group>"; };
		FAD47F912A50A2A60055EDEA /* RegistrationPersonalDataViewController.swift */ = {isa = PBXFileReference; lastKnownFileType = sourcecode.swift; path = RegistrationPersonalDataViewController.swift; sourceTree = "<group>"; };
		FAEEE7542A5D55E8007FB7A6 /* OfferSellCurrencyView.swift */ = {isa = PBXFileReference; lastKnownFileType = sourcecode.swift; path = OfferSellCurrencyView.swift; sourceTree = "<group>"; };
/* End PBXFileReference section */

/* Begin PBXFrameworksBuildPhase section */
		9F899D7A2A4AFB43002D1F74 /* Frameworks */ = {
			isa = PBXFrameworksBuildPhase;
			buildActionMask = 2147483647;
			files = (
				9F63DF442A504C3200EA9060 /* SnapKit in Frameworks */,
				9F63DF472A50540F00EA9060 /* Alamofire in Frameworks */,
				9985BA542A65BF0D00DD871C /* InputMask in Frameworks */,
				ED4CBDD11BE87149A8B0125E /* Pods_kurs_kz.framework in Frameworks */,
				FA0E72922A6095C900EEAD48 /* PanModal in Frameworks */,
			);
			runOnlyForDeploymentPostprocessing = 0;
		};
/* End PBXFrameworksBuildPhase section */

/* Begin PBXGroup section */
		220C3F372A5FD8B6000002DB /* MyExchanges */ = {
			isa = PBXGroup;
			children = (
				220C3F3A2A5FEBD3000002DB /* MyExchangesTableViewCell.swift */,
				220C3F382A5FD9F6000002DB /* MyExchangesViewController.swift */,
			);
			path = MyExchanges;
			sourceTree = "<group>";
		};
		220C3F412A6281EF000002DB /* Exchanger Screen */ = {
			isa = PBXGroup;
			children = (
				220C3F422A62822F000002DB /* ExchangerScreenViewController.swift */,
				220C3F442A628310000002DB /* ExchangerScreenTableViewCell.swift */,
				223C9C622A640AB8008FE874 /* ExchangerScreenTextCellTableViewCell.swift */,
				223C9C642A648DDE008FE874 /* Paddinglabel.swift */,
			);
			path = "Exchanger Screen";
			sourceTree = "<group>";
		};
		46EE99A18985E63B77BA8021 /* Pods */ = {
			isa = PBXGroup;
			children = (
				93686847FFF700FEE4E2943F /* Pods-kurs.kz.debug.xcconfig */,
				816C2EB4C7D45CD8044A9541 /* Pods-kurs.kz.release.xcconfig */,
			);
			path = Pods;
			sourceTree = "<group>";
		};
		618977FB2A533D9C009DFF0B /* CitySelection */ = {
			isa = PBXGroup;
			children = (
				618978022A541CD5009DFF0B /* SelectCityViewController.swift */,
				618978042A549426009DFF0B /* CityTableViewCell.swift */,
				6189CFC92A78315000175333 /* City.swift */,
			);
			path = CitySelection;
			sourceTree = "<group>";
		};
		618978062A5AC824009DFF0B /* Offer */ = {
			isa = PBXGroup;
			children = (
				9FF55D592A694A1D00A11284 /* OfferTableViewCell.swift */,
				9FF55D572A694A1D00A11284 /* OfferTableViewHeaderView.swift */,
				9FF55D562A694A1D00A11284 /* OfferViewController.swift */,
				61D25BDB2A69B02200BC9DB7 /* OfferSkyFloatingLabelTextField.swift */,
				61D25BDF2A6D7B6900BC9DB7 /* SectionHeaderView.swift */,
				61D25BE32A6EEE0800BC9DB7 /* ChangeExchangeRateViewController.swift */,
			);
			path = Offer;
			sourceTree = "<group>";
		};
		69B63E2E40C15D95ADEE8E58 /* Frameworks */ = {
			isa = PBXGroup;
			children = (
				7ED0A21762FD7FBCA944A33E /* Pods_kurs_kz.framework */,
			);
			name = Frameworks;
			sourceTree = "<group>";
		};
		71564ABA2A6A9C4200979090 /* ExchangeRate */ = {
			isa = PBXGroup;
			children = (
				71564ABE2A6A9CEE00979090 /* ExchangeRateTableViewCell.swift */,
				71564ABF2A6A9CEE00979090 /* ExchangeRateTableViewFooterView.swift */,
				71564ABD2A6A9CEE00979090 /* ExchangeRateTableViewHeaderView.swift */,
				71564AC02A6A9CEE00979090 /* ExchangeRateViewController.swift */,
			);
			path = ExchangeRate;
			sourceTree = "<group>";
		};
		71564AC62A70B8C600979090 /* Model */ = {
			isa = PBXGroup;
			children = (
				71564AC72A70B8E300979090 /* Auth.swift */,
				9FE945962A7388B3009020B7 /* SignInService.swift */,
			);
			path = Model;
			sourceTree = "<group>";
		};
		71D01EB12A5D48F200422491 /* Notifications */ = {
			isa = PBXGroup;
			children = (
				71D01EB22A5D493200422491 /* NotificationsViewController.swift */,
				71D01EB42A5D525000422491 /* NotificationsTableViewCell.swift */,
				71D01EB82A5E746C00422491 /* NotificationsSectionHeaderView.swift */,
			);
			path = Notifications;
			sourceTree = "<group>";
		};
		8F06DEA32A61B00900637A68 /* ExchangeDollar */ = {
			isa = PBXGroup;
			children = (
				8F06DEA42A61B03300637A68 /* ExchangeDollarViewController.swift */,
				8F06DEA62A61B08400637A68 /* ExchangeDollarTableViewCell.swift */,
				8F06DEA82A61B0C800637A68 /* ExchangeDollarTableViewHeaderView.swift */,
				8F06DEAA2A61B0F800637A68 /* ExchangeDollarTableViewFooterView.swift */,
			);
			path = ExchangeDollar;
			sourceTree = "<group>";
		};
		8F816F072A76B55000AF4BA9 /* Calculator */ = {
			isa = PBXGroup;
			children = (
				8F816F092A76B59500AF4BA9 /* CalculatorTableViewCell.swift */,
				8F816F082A76B59500AF4BA9 /* CalculatorTableViewHeaderView.swift */,
				8F816F0A2A76B59500AF4BA9 /* CalculatorViewController.swift */,
			);
			path = Calculator;
			sourceTree = "<group>";
		};
		8F8189D72A6066240082F80F /* CartExchangeFeedback */ = {
			isa = PBXGroup;
			children = (
				8F8189D82A6066780082F80F /* CartExchangeFeedbackViewController.swift */,
				8F8189DA2A6066840082F80F /* CartExchangeFeedbackViewCell.swift */,
			);
			path = CartExchangeFeedback;
			sourceTree = "<group>";
		};
		8FCA83242A712256003CD865 /* OfferSended */ = {
			isa = PBXGroup;
			children = (
				8FCA83262A71227C003CD865 /* OfferSendedHeader.swift */,
				8FCA83272A71227C003CD865 /* OfferSendedTableViewCell.swift */,
				8FCA83252A71227C003CD865 /* OfferSendedViewController.swift */,
			);
			path = OfferSended;
			sourceTree = "<group>";
		};
		990100472A50B987003EE3C4 /* SignUp */ = {
			isa = PBXGroup;
			children = (
				99C19F532A6B098700D10021 /* Model */,
				990100482A50B99B003EE3C4 /* SignUpViewController.swift */,
				9950C0E72A5184080022C2F6 /* VerificationPageViewController.swift */,
				997BA5CE2A541F1B00267E0E /* CustomSkyFloatingLabelTextField.swift */,
				99B110CD2A7198EC00A24762 /* ProgressHudProtol.swift */,
			);
			path = SignUp;
			sourceTree = "<group>";
		};
		9909CB152A55AA95000AC039 /* Model */ = {
			isa = PBXGroup;
			children = (
				9909CB132A55AA90000AC039 /* Detail.swift */,
			);
			path = Model;
			sourceTree = "<group>";
		};
		991065332A7A305600368918 /* Model */ = {
			isa = PBXGroup;
			children = (
				991065342A7A306900368918 /* AboutCompany.swift */,
				991065362A7A31CA00368918 /* AboutCompanyPageService.swift */,
			);
			name = Model;
			path = kurs.kz/Rate/AboutCompany/Model;
			sourceTree = "<group>";
		};
		99287B2E2A61CCB300D0CF4B /* Map */ = {
			isa = PBXGroup;
			children = (
				99287B2F2A61CCCA00D0CF4B /* MapViewController.swift */,
				9985BA502A65A9D800DD871C /* CustomInfoWindow.swift */,
				99A87FA92A7FDA7D00F69D49 /* MapExchangersViewController.swift */,
			);
			path = Map;
			sourceTree = "<group>";
		};
		99499C4F2A7904B100CB9721 /* FAQ */ = {
			isa = PBXGroup;
			children = (
				99E854242A7968F50075CB78 /* Model */,
				99499C502A7904C300CB9721 /* FaqViewController.swift */,
				99499C522A790D1900CB9721 /* FaqTableHeaderView.swift */,
				99E854222A79632C0075CB78 /* FaqTableViewCell.swift */,
			);
			path = FAQ;
			sourceTree = "<group>";
		};
		9952D3542A608074002321E8 /* Model */ = {
			isa = PBXGroup;
			children = (
				9952D3552A608080002321E8 /* ProfileSection.swift */,
			);
			path = Model;
			sourceTree = "<group>";
		};
		995E96A72A7A165300E96AEE /* NationalBankCourse */ = {
			isa = PBXGroup;
			children = (
				995E96AC2A7A179200E96AEE /* Model */,
				995E96A82A7A167500E96AEE /* NationalBankCourseViewController.swift */,
			);
			path = NationalBankCourse;
			sourceTree = "<group>";
		};
		995E96AC2A7A179200E96AEE /* Model */ = {
			isa = PBXGroup;
			children = (
				995E96AA2A7A178800E96AEE /* NationalBankPageService.swift */,
				995E96AD2A7A17E000E96AEE /* NationalBankUrl.swift */,
			);
			path = Model;
			sourceTree = "<group>";
		};
		9987B0FB2A553B77005BB185 /* ClientOffer */ = {
			isa = PBXGroup;
			children = (
				9909CB152A55AA95000AC039 /* Model */,
				9987B0FC2A553B96005BB185 /* ClientOfferDetailsViewController.swift */,
				9909CB112A559F8B000AC039 /* OfferDetailsTableViewCell.swift */,
				9909CB162A55B06B000AC039 /* OfferDetailsHeaderView.swift */,
			);
			path = ClientOffer;
			sourceTree = "<group>";
		};
		998D66CE2A64209300287FD4 /* PartnerOffer */ = {
			isa = PBXGroup;
			children = (
				998D66CF2A6420BE00287FD4 /* PartnerOfferViewController.swift */,
				998D66D32A64276400287FD4 /* AcceptedSendTableViewCell.swift */,
				998D66D52A6447C500287FD4 /* ApplicationTableViewCell.swift */,
				998D66D72A64595000287FD4 /* ApplicationsHeaderView.swift */,
			);
			path = PartnerOffer;
			sourceTree = "<group>";
		};
		998D7B442A6D1C3F002F6695 /* UI */ = {
			isa = PBXGroup;
			children = (
				998D7B452A6D1C4E002F6695 /* SnackBarController.swift */,
			);
			path = UI;
			sourceTree = "<group>";
		};
		99A8FB6A2A696CC600894C28 /* Fonts */ = {
			isa = PBXGroup;
			children = (
				99A8FB642A696C1400894C28 /* Inter-Medium.ttf */,
				99A8FB622A696C0E00894C28 /* Inter-Bold.ttf */,
				99A8FB662A696C1A00894C28 /* Inter-Regular.ttf */,
				99A8FB682A696C1F00894C28 /* Inter-SemiBold.ttf */,
			);
			path = Fonts;
			sourceTree = "<group>";
		};
		99C1583E2A5EA1DC001091F7 /* Profile */ = {
			isa = PBXGroup;
			children = (
				9952D3542A608074002321E8 /* Model */,
				99C1583F2A5EA1FE001091F7 /* ProfileViewController.swift */,
				99C158472A5EBC42001091F7 /* ProfileTableViewCell.swift */,
				9952D3252A602E47002321E8 /* ProfileTableHeaderView.swift */,
			);
			path = Profile;
			sourceTree = "<group>";
		};
		99C19F532A6B098700D10021 /* Model */ = {
			isa = PBXGroup;
			children = (
				99C19F542A6B099300D10021 /* User.swift */,
				998D7B422A6D18A8002F6695 /* OtpRegistrationService.swift */,
			);
			path = Model;
			sourceTree = "<group>";
		};
		99D973FD2A680D6A00F7E506 /* Helpers */ = {
			isa = PBXGroup;
			children = (
				998D7B442A6D1C3F002F6695 /* UI */,
				99D973FE2A680D7E00F7E506 /* Resources */,
			);
			path = Helpers;
			sourceTree = "<group>";
		};
		99D973FE2A680D7E00F7E506 /* Resources */ = {
			isa = PBXGroup;
			children = (
				99A8FB6A2A696CC600894C28 /* Fonts */,
				99D973FF2A680D8E00F7E506 /* AppColor.swift */,
				99D974012A680FF400F7E506 /* AppImage.swift */,
				99D974072A68611D00F7E506 /* AppFont.swift */,
			);
			path = Resources;
			sourceTree = "<group>";
		};
		99E854242A7968F50075CB78 /* Model */ = {
			isa = PBXGroup;
			children = (
				99E854252A7969000075CB78 /* Question.swift */,
				995E96A32A7A05D000E96AEE /* FaqPageService.swift */,
				995E96A52A7A0C4600E96AEE /* QuestionAnswer.swift */,
			);
			path = Model;
			sourceTree = "<group>";
		};
		9F402A472A5BDC5A00F9126C /* Rate */ = {
			isa = PBXGroup;
			children = (
				9F402A482A5BDC7400F9126C /* RateViewController.swift */,
				9F402A492A5BDC7400F9126C /* StarButton.swift */,
			);
			name = Rate;
			path = "Exchange Card";
			sourceTree = "<group>";
		};
		9F402A4C2A5BDDA600F9126C /* AboutCompany */ = {
			isa = PBXGroup;
			children = (
				991065332A7A305600368918 /* Model */,
				9F402A4D2A5BDDB500F9126C /* AboutCompanyViewController.swift */,
			);
			name = AboutCompany;
			path = Rate/AboutCompany;
			sourceTree = "<group>";
		};
		9F63DF3F2A50495100EA9060 /* SignIn */ = {
			isa = PBXGroup;
			children = (
				71564AC62A70B8C600979090 /* Model */,
				9F1094362A5833E100648D14 /* SignInViewController.swift */,
			);
			path = SignIn;
			sourceTree = "<group>";
		};
		9F899D742A4AFB43002D1F74 = {
			isa = PBXGroup;
			children = (
				9F899D7F2A4AFB44002D1F74 /* kurs.kz */,
				9F899D7E2A4AFB44002D1F74 /* Products */,
				46EE99A18985E63B77BA8021 /* Pods */,
				69B63E2E40C15D95ADEE8E58 /* Frameworks */,
				9FF456F42A5FC47500C2E845 /* Recovered References */,
			);
			sourceTree = "<group>";
		};
		9F899D7E2A4AFB44002D1F74 /* Products */ = {
			isa = PBXGroup;
			children = (
				9F899D7D2A4AFB43002D1F74 /* kurs.kz.app */,
			);
			name = Products;
			sourceTree = "<group>";
		};
		9F899D7F2A4AFB44002D1F74 /* kurs.kz */ = {
			isa = PBXGroup;
			children = (
				995E96A72A7A165300E96AEE /* NationalBankCourse */,
				99499C4F2A7904B100CB9721 /* FAQ */,
				8F816F072A76B55000AF4BA9 /* Calculator */,
				8FCA83242A712256003CD865 /* OfferSended */,
				FAD4D9642A69352B0051D1B4 /* OfferSellBuy */,
				71564ABA2A6A9C4200979090 /* ExchangeRate */,
				FA57598B2A67CBC800DE9A6B /* OfferSellBuySegmentedControl */,
				FA57597F2A63D98500DE9A6B /* MainExchangeList */,
				8F8189D72A6066240082F80F /* CartExchangeFeedback */,
				99D973FD2A680D6A00F7E506 /* Helpers */,
				220C3F412A6281EF000002DB /* Exchanger Screen */,
				8F06DEA32A61B00900637A68 /* ExchangeDollar */,
				220C3F372A5FD8B6000002DB /* MyExchanges */,
				998D66CE2A64209300287FD4 /* PartnerOffer */,
				99287B2E2A61CCB300D0CF4B /* Map */,
				9FEDDC902A6020C7005A3723 /* Currency */,
				9FF456F52A5FC4A900C2E845 /* Support */,
				9FF456EF2A5FC2BA00C2E845 /* Language */,
				71D01EB12A5D48F200422491 /* Notifications */,
				9FF456E72A5E715B00C2E845 /* MainPage */,
				99C1583E2A5EA1DC001091F7 /* Profile */,
				9F402A4C2A5BDDA600F9126C /* AboutCompany */,
				9987B0FB2A553B77005BB185 /* ClientOffer */,
				9F402A472A5BDC5A00F9126C /* Rate */,
				FA357BC02A58B2DF005D5271 /* TabBar */,
				618978062A5AC824009DFF0B /* Offer */,
				FA74EA7B2A52C8A500578C21 /* Registration */,
				9FD284AB2A552EC400D9EB32 /* LanguageSelect */,
				990100472A50B987003EE3C4 /* SignUp */,
				9F63DF3F2A50495100EA9060 /* SignIn */,
				618977FB2A533D9C009DFF0B /* CitySelection */,
				FAD47F902A50A24C0055EDEA /* Registration */,
				9F899D8B2A4AFB46002D1F74 /* LaunchScreen.storyboard */,
				9F899D802A4AFB44002D1F74 /* AppDelegate.swift */,
				9F899D822A4AFB44002D1F74 /* SceneDelegate.swift */,
				99E941BF2A666B1F00C47BD2 /* AppConstants.swift */,
				9F899D842A4AFB44002D1F74 /* ViewController.swift */,
				9F899D892A4AFB46002D1F74 /* Assets.xcassets */,
				9F899D8E2A4AFB46002D1F74 /* Info.plist */,
			);
			path = kurs.kz;
			sourceTree = "<group>";
		};
		9FD284AB2A552EC400D9EB32 /* LanguageSelect */ = {
			isa = PBXGroup;
			children = (
				9FD284A92A552EC000D9EB32 /* SelectLanguageViewController.swift */,
			);
			path = LanguageSelect;
			sourceTree = "<group>";
		};
		9FEDDC902A6020C7005A3723 /* Currency */ = {
			isa = PBXGroup;
			children = (
				FAD4D9652A6935660051D1B4 /* Model */,
				9FEDDC8C2A602099005A3723 /* CurrencySelectorTableViewCell.swift */,
				9FEDDC8A2A602099005A3723 /* CurrencySelectorTableViewHeader.swift */,
				9FEDDC8B2A602099005A3723 /* CurrencySelectorViewController.swift */,
				FACEE05F2A69B183000D5CD6 /* SelectedLanguage.swift */,
			);
			path = Currency;
			sourceTree = "<group>";
		};
		9FF456E72A5E715B00C2E845 /* MainPage */ = {
			isa = PBXGroup;
			children = (
				9FF456E82A5E716F00C2E845 /* MainPageViewController.swift */,
			);
			path = MainPage;
			sourceTree = "<group>";
		};
		9FF456EF2A5FC2BA00C2E845 /* Language */ = {
			isa = PBXGroup;
			children = (
				9FF456F02A5FC2D700C2E845 /* LanguageAppViewController.swift */,
				9FF456F12A5FC2D700C2E845 /* LanguageTableViewCell.swift */,
			);
			path = Language;
			sourceTree = "<group>";
		};
		9FF456F42A5FC47500C2E845 /* Recovered References */ = {
			isa = PBXGroup;
			children = (
			);
			name = "Recovered References";
			sourceTree = "<group>";
		};
		9FF456F52A5FC4A900C2E845 /* Support */ = {
			isa = PBXGroup;
			children = (
				9FF456FA2A5FC54100C2E845 /* ToSupportViewController.swift */,
				9FF456F62A5FC4EA00C2E845 /* SupportTableViewCell.swift */,
			);
			path = Support;
			sourceTree = "<group>";
		};
		FA357BC02A58B2DF005D5271 /* TabBar */ = {
			isa = PBXGroup;
			children = (
				FA357BC12A58B35A005D5271 /* MainTabBarViewController.swift */,
				9FF456FD2A60183D00C2E845 /* EmptyViewController.swift */,
			);
			path = TabBar;
			sourceTree = "<group>";
		};
		FA57597F2A63D98500DE9A6B /* MainExchangeList */ = {
			isa = PBXGroup;
			children = (
				FA5759892A669B8C00DE9A6B /* NavigationBarCurencyButtonView.swift */,
				FA5759802A63D9F100DE9A6B /* ExchangeListTableViewCell.swift */,
				FA5759852A64273200DE9A6B /* ExchangeListViewController.swift */,
				FA5759872A66653C00DE9A6B /* ExchangeListHeaderView.swift */,
				FA5759842A63E90100DE9A6B /* Model */,
			);
			path = MainExchangeList;
			sourceTree = "<group>";
		};
		FA5759842A63E90100DE9A6B /* Model */ = {
			isa = PBXGroup;
			children = (
				FA5759822A63E8F500DE9A6B /* Exchanger.swift */,
				FA1C82182A6C75DB0064BB72 /* ExchangerListService.swift */,
				FA095B5F2A71B98E006BE687 /* SortingButtonModel.swift */,
			);
			path = Model;
			sourceTree = "<group>";
		};
		FA57598B2A67CBC800DE9A6B /* OfferSellBuySegmentedControl */ = {
			isa = PBXGroup;
			children = (
				FA57598C2A67CC1500DE9A6B /* OfferSellBuySegmentedController.swift */,
			);
			path = OfferSellBuySegmentedControl;
			sourceTree = "<group>";
		};
		FA74EA7B2A52C8A500578C21 /* Registration */ = {
			isa = PBXGroup;
			children = (
				FA74EA7C2A52C8D900578C21 /* RegistrationPasswordViewController.swift */,
				FAD47F912A50A2A60055EDEA /* RegistrationPersonalDataViewController.swift */,
				FA1475262A5431C60085AF1E /* PasswordTextField.swift */,
				FA1475282A5431F80085AF1E /* ShowHideTextButton.swift */,
			);
			path = Registration;
			sourceTree = "<group>";
		};
		FAD47F902A50A24C0055EDEA /* Registration */ = {
			isa = PBXGroup;
			children = (
				FA1475242A5416C80085AF1E /* PaddedTextField.swift */,
			);
			path = Registration;
			sourceTree = "<group>";
		};
		FAD4D9642A69352B0051D1B4 /* OfferSellBuy */ = {
			isa = PBXGroup;
			children = (
				FAEEE7542A5D55E8007FB7A6 /* OfferSellCurrencyView.swift */,
				FACE0AFF2A5D2E880032FA65 /* OfferSellViewController.swift */,
			);
			path = OfferSellBuy;
			sourceTree = "<group>";
		};
		FAD4D9652A6935660051D1B4 /* Model */ = {
			isa = PBXGroup;
			children = (
				FA5759902A692B4700DE9A6B /* Currency.swift */,
				FA57598E2A692B2100DE9A6B /* CurrencySelectorListService.swift */,
				FACEE05D2A69A595000D5CD6 /* CurrencySelectorListServiceDelegate.swift */,
			);
			path = Model;
			sourceTree = "<group>";
		};
/* End PBXGroup section */

/* Begin PBXNativeTarget section */
		9F899D7C2A4AFB43002D1F74 /* kurs.kz */ = {
			isa = PBXNativeTarget;
			buildConfigurationList = 9F899D912A4AFB46002D1F74 /* Build configuration list for PBXNativeTarget "kurs.kz" */;
			buildPhases = (
				A978145459F756DA82375A9D /* [CP] Check Pods Manifest.lock */,
				9F899D792A4AFB43002D1F74 /* Sources */,
				9F899D7A2A4AFB43002D1F74 /* Frameworks */,
				9F899D7B2A4AFB43002D1F74 /* Resources */,
				8185968B9E490D0F706847D7 /* [CP] Embed Pods Frameworks */,
				9F599BC12A5565A30073C558 /* ShellScript */,
				51B2907C0DF6A68C0B1ADA2E /* [CP] Copy Pods Resources */,
			);
			buildRules = (
			);
			dependencies = (
			);
			name = kurs.kz;
			packageProductDependencies = (
				9F63DF432A504C3200EA9060 /* SnapKit */,
				9F63DF462A50540F00EA9060 /* Alamofire */,
				9985BA532A65BF0D00DD871C /* InputMask */,
				FA0E72912A6095C900EEAD48 /* PanModal */,
			);
			productName = kurs.kz;
			productReference = 9F899D7D2A4AFB43002D1F74 /* kurs.kz.app */;
			productType = "com.apple.product-type.application";
		};
/* End PBXNativeTarget section */

/* Begin PBXProject section */
		9F899D752A4AFB43002D1F74 /* Project object */ = {
			isa = PBXProject;
			attributes = {
				BuildIndependentTargetsInParallel = 1;
				LastSwiftUpdateCheck = 1430;
				LastUpgradeCheck = 1430;
				TargetAttributes = {
					9F899D7C2A4AFB43002D1F74 = {
						CreatedOnToolsVersion = 14.3.1;
					};
				};
			};
			buildConfigurationList = 9F899D782A4AFB43002D1F74 /* Build configuration list for PBXProject "kurs.kz" */;
			compatibilityVersion = "Xcode 14.0";
			developmentRegion = en;
			hasScannedForEncodings = 0;
			knownRegions = (
				en,
				Base,
			);
			mainGroup = 9F899D742A4AFB43002D1F74;
			packageReferences = (
				9F63DF422A504C3200EA9060 /* XCRemoteSwiftPackageReference "SnapKit" */,
				9F63DF452A50540F00EA9060 /* XCRemoteSwiftPackageReference "Alamofire" */,
				9985BA522A65BF0D00DD871C /* XCRemoteSwiftPackageReference "input-mask-ios" */,
				FA0E72902A6095C900EEAD48 /* XCRemoteSwiftPackageReference "PanModal" */,
			);
			productRefGroup = 9F899D7E2A4AFB44002D1F74 /* Products */;
			projectDirPath = "";
			projectRoot = "";
			targets = (
				9F899D7C2A4AFB43002D1F74 /* kurs.kz */,
			);
		};
/* End PBXProject section */

/* Begin PBXResourcesBuildPhase section */
		9F899D7B2A4AFB43002D1F74 /* Resources */ = {
			isa = PBXResourcesBuildPhase;
			buildActionMask = 2147483647;
			files = (
				99A8FB692A696C1F00894C28 /* Inter-SemiBold.ttf in Resources */,
				99A8FB652A696C1400894C28 /* Inter-Medium.ttf in Resources */,
				99A8FB672A696C1A00894C28 /* Inter-Regular.ttf in Resources */,
				99A8FB632A696C0E00894C28 /* Inter-Bold.ttf in Resources */,
				9F899D8D2A4AFB46002D1F74 /* LaunchScreen.storyboard in Resources */,
				9F899D8A2A4AFB46002D1F74 /* Assets.xcassets in Resources */,
			);
			runOnlyForDeploymentPostprocessing = 0;
		};
/* End PBXResourcesBuildPhase section */

/* Begin PBXShellScriptBuildPhase section */
		51B2907C0DF6A68C0B1ADA2E /* [CP] Copy Pods Resources */ = {
			isa = PBXShellScriptBuildPhase;
			buildActionMask = 2147483647;
			files = (
			);
			inputFileListPaths = (
				"${PODS_ROOT}/Target Support Files/Pods-kurs.kz/Pods-kurs.kz-resources-${CONFIGURATION}-input-files.xcfilelist",
			);
			name = "[CP] Copy Pods Resources";
			outputFileListPaths = (
				"${PODS_ROOT}/Target Support Files/Pods-kurs.kz/Pods-kurs.kz-resources-${CONFIGURATION}-output-files.xcfilelist",
			);
			runOnlyForDeploymentPostprocessing = 0;
			shellPath = /bin/sh;
			shellScript = "\"${PODS_ROOT}/Target Support Files/Pods-kurs.kz/Pods-kurs.kz-resources.sh\"\n";
			showEnvVarsInLog = 0;
		};
		8185968B9E490D0F706847D7 /* [CP] Embed Pods Frameworks */ = {
			isa = PBXShellScriptBuildPhase;
			buildActionMask = 2147483647;
			files = (
			);
			inputFileListPaths = (
				"${PODS_ROOT}/Target Support Files/Pods-kurs.kz/Pods-kurs.kz-frameworks-${CONFIGURATION}-input-files.xcfilelist",
			);
			name = "[CP] Embed Pods Frameworks";
			outputFileListPaths = (
				"${PODS_ROOT}/Target Support Files/Pods-kurs.kz/Pods-kurs.kz-frameworks-${CONFIGURATION}-output-files.xcfilelist",
			);
			runOnlyForDeploymentPostprocessing = 0;
			shellPath = /bin/sh;
			shellScript = "\"${PODS_ROOT}/Target Support Files/Pods-kurs.kz/Pods-kurs.kz-frameworks.sh\"\n";
			showEnvVarsInLog = 0;
		};
		9F599BC12A5565A30073C558 /* ShellScript */ = {
			isa = PBXShellScriptBuildPhase;
			buildActionMask = 2147483647;
			files = (
			);
			inputFileListPaths = (
			);
			inputPaths = (
			);
			outputFileListPaths = (
			);
			outputPaths = (
			);
			runOnlyForDeploymentPostprocessing = 0;
			shellPath = /bin/sh;
			shellScript = "\"${PODS_ROOT}/SwiftLint/swiftlint\"\n";
		};
		A978145459F756DA82375A9D /* [CP] Check Pods Manifest.lock */ = {
			isa = PBXShellScriptBuildPhase;
			buildActionMask = 2147483647;
			files = (
			);
			inputFileListPaths = (
			);
			inputPaths = (
				"${PODS_PODFILE_DIR_PATH}/Podfile.lock",
				"${PODS_ROOT}/Manifest.lock",
			);
			name = "[CP] Check Pods Manifest.lock";
			outputFileListPaths = (
			);
			outputPaths = (
				"$(DERIVED_FILE_DIR)/Pods-kurs.kz-checkManifestLockResult.txt",
			);
			runOnlyForDeploymentPostprocessing = 0;
			shellPath = /bin/sh;
			shellScript = "diff \"${PODS_PODFILE_DIR_PATH}/Podfile.lock\" \"${PODS_ROOT}/Manifest.lock\" > /dev/null\nif [ $? != 0 ] ; then\n    # print error to STDERR\n    echo \"error: The sandbox is not in sync with the Podfile.lock. Run 'pod install' or update your CocoaPods installation.\" >&2\n    exit 1\nfi\n# This output is used by Xcode 'outputs' to avoid re-running this script phase.\necho \"SUCCESS\" > \"${SCRIPT_OUTPUT_FILE_0}\"\n";
			showEnvVarsInLog = 0;
		};
/* End PBXShellScriptBuildPhase section */

/* Begin PBXSourcesBuildPhase section */
		9F899D792A4AFB43002D1F74 /* Sources */ = {
			isa = PBXSourcesBuildPhase;
			buildActionMask = 2147483647;
			files = (
				8FCA83292A71227C003CD865 /* OfferSendedHeader.swift in Sources */,
				9987B0FD2A553B96005BB185 /* ClientOfferDetailsViewController.swift in Sources */,
				FACE0B002A5D2E880032FA65 /* OfferSellViewController.swift in Sources */,
				9909CB142A55AA90000AC039 /* Detail.swift in Sources */,
				9F402A4A2A5BDC7400F9126C /* RateViewController.swift in Sources */,
				995E96A92A7A167500E96AEE /* NationalBankCourseViewController.swift in Sources */,
				FACEE0602A69B183000D5CD6 /* SelectedLanguage.swift in Sources */,
				9985BA512A65A9D800DD871C /* CustomInfoWindow.swift in Sources */,
				99C158482A5EBC42001091F7 /* ProfileTableViewCell.swift in Sources */,
				9FD284AA2A552EC000D9EB32 /* SelectLanguageViewController.swift in Sources */,
				FA5759832A63E8F500DE9A6B /* Exchanger.swift in Sources */,
				9F402A4B2A5BDC7400F9126C /* StarButton.swift in Sources */,
				FACEE05E2A69A595000D5CD6 /* CurrencySelectorListServiceDelegate.swift in Sources */,
				998D66D42A64276400287FD4 /* AcceptedSendTableViewCell.swift in Sources */,
				9950C0E82A5184080022C2F6 /* VerificationPageViewController.swift in Sources */,
				8F06DEA92A61B0C800637A68 /* ExchangeDollarTableViewHeaderView.swift in Sources */,
				99499C532A790D1900CB9721 /* FaqTableHeaderView.swift in Sources */,
				71D01EB92A5E746C00422491 /* NotificationsSectionHeaderView.swift in Sources */,
				9F899D852A4AFB44002D1F74 /* ViewController.swift in Sources */,
				99499C512A7904C300CB9721 /* FaqViewController.swift in Sources */,
				998D7B462A6D1C4E002F6695 /* SnackBarController.swift in Sources */,
				8F8189D92A6066780082F80F /* CartExchangeFeedbackViewController.swift in Sources */,
				998D66D82A64595000287FD4 /* ApplicationsHeaderView.swift in Sources */,
				FA1475272A5431C60085AF1E /* PasswordTextField.swift in Sources */,
				FA57598A2A669B8C00DE9A6B /* NavigationBarCurencyButtonView.swift in Sources */,
				995E96AB2A7A178800E96AEE /* NationalBankPageService.swift in Sources */,
				FAEEE7552A5D55E8007FB7A6 /* OfferSellCurrencyView.swift in Sources */,
				FA357BC22A58B35A005D5271 /* MainTabBarViewController.swift in Sources */,
				FA74EA7D2A52C8D900578C21 /* RegistrationPasswordViewController.swift in Sources */,
				8FCA832A2A71227C003CD865 /* OfferSendedTableViewCell.swift in Sources */,
				99A87FAA2A7FDA7D00F69D49 /* MapExchangersViewController.swift in Sources */,
				71564AC42A6A9CEE00979090 /* ExchangeRateViewController.swift in Sources */,
				61D25BE42A6EEE0800BC9DB7 /* ChangeExchangeRateViewController.swift in Sources */,
				997BA5CF2A541F1B00267E0E /* CustomSkyFloatingLabelTextField.swift in Sources */,
				61D25BE02A6D7B6900BC9DB7 /* SectionHeaderView.swift in Sources */,
				FA5759912A692B4700DE9A6B /* Currency.swift in Sources */,
				618978052A549426009DFF0B /* CityTableViewCell.swift in Sources */,
				9FF456FB2A5FC54100C2E845 /* ToSupportViewController.swift in Sources */,
				FA5759882A66653C00DE9A6B /* ExchangeListHeaderView.swift in Sources */,
				9F899D812A4AFB44002D1F74 /* AppDelegate.swift in Sources */,
				99D974022A680FF400F7E506 /* AppImage.swift in Sources */,
				9FF456FE2A60183D00C2E845 /* EmptyViewController.swift in Sources */,
				990100492A50B99B003EE3C4 /* SignUpViewController.swift in Sources */,
				99D974002A680D8E00F7E506 /* AppColor.swift in Sources */,
				9FE945972A7388B3009020B7 /* SignInService.swift in Sources */,
				9FF456F32A5FC2D700C2E845 /* LanguageTableViewCell.swift in Sources */,
				99C19F552A6B099300D10021 /* User.swift in Sources */,
				99E941C02A666B1F00C47BD2 /* AppConstants.swift in Sources */,
				9F402A4E2A5BDDB500F9126C /* AboutCompanyViewController.swift in Sources */,
				8F816F0B2A76B59500AF4BA9 /* CalculatorTableViewHeaderView.swift in Sources */,
				998D66D62A6447C500287FD4 /* ApplicationTableViewCell.swift in Sources */,
				71564AC82A70B8E300979090 /* Auth.swift in Sources */,
				9952D3262A602E47002321E8 /* ProfileTableHeaderView.swift in Sources */,
				991065372A7A31CA00368918 /* AboutCompanyPageService.swift in Sources */,
				9FEDDC8E2A602099005A3723 /* CurrencySelectorViewController.swift in Sources */,
				9FEDDC8D2A602099005A3723 /* CurrencySelectorTableViewHeader.swift in Sources */,
				71564AC32A6A9CEE00979090 /* ExchangeRateTableViewFooterView.swift in Sources */,
				9909CB172A55B06B000AC039 /* OfferDetailsHeaderView.swift in Sources */,
				99D974082A68611D00F7E506 /* AppFont.swift in Sources */,
				6189CFCA2A78315000175333 /* City.swift in Sources */,
				71D01EB32A5D493200422491 /* NotificationsViewController.swift in Sources */,
				995E96A42A7A05D000E96AEE /* FaqPageService.swift in Sources */,
				FA5759862A64273200DE9A6B /* ExchangeListViewController.swift in Sources */,
				220C3F3B2A5FEBD3000002DB /* MyExchangesTableViewCell.swift in Sources */,
				9909CB122A559F8B000AC039 /* OfferDetailsTableViewCell.swift in Sources */,
				998D66D02A6420BE00287FD4 /* PartnerOfferViewController.swift in Sources */,
				9FF456F82A5FC4EA00C2E845 /* SupportTableViewCell.swift in Sources */,
				FA57598F2A692B2100DE9A6B /* CurrencySelectorListService.swift in Sources */,
				FA095B602A71B98E006BE687 /* SortingButtonModel.swift in Sources */,
				8F816F0C2A76B59500AF4BA9 /* CalculatorTableViewCell.swift in Sources */,
				FA57598D2A67CC1600DE9A6B /* OfferSellBuySegmentedController.swift in Sources */,
				8F8189DB2A6066840082F80F /* CartExchangeFeedbackViewCell.swift in Sources */,
				223C9C652A648DDE008FE874 /* Paddinglabel.swift in Sources */,
				995E96AE2A7A17E000E96AEE /* NationalBankUrl.swift in Sources */,
				9FF456E92A5E716F00C2E845 /* MainPageViewController.swift in Sources */,
				9FF55D5B2A694A1D00A11284 /* OfferTableViewHeaderView.swift in Sources */,
				61D25BDC2A69B02200BC9DB7 /* OfferSkyFloatingLabelTextField.swift in Sources */,
				FA1475252A5416C80085AF1E /* PaddedTextField.swift in Sources */,
				8F816F0D2A76B59500AF4BA9 /* CalculatorViewController.swift in Sources */,
				71564AC12A6A9CEE00979090 /* ExchangeRateTableViewHeaderView.swift in Sources */,
				99B110CE2A7198EC00A24762 /* ProgressHudProtol.swift in Sources */,
				9FF55D5D2A694A1D00A11284 /* OfferTableViewCell.swift in Sources */,
				8F06DEA72A61B08400637A68 /* ExchangeDollarTableViewCell.swift in Sources */,
				99E854262A7969000075CB78 /* Question.swift in Sources */,
				9F899D812A4AFB44002D1F74 /* AppDelegate.swift in Sources */,
				8FCA83282A71227C003CD865 /* OfferSendedViewController.swift in Sources */,
				9FEDDC8F2A602099005A3723 /* CurrencySelectorTableViewCell.swift in Sources */,
				9FF55D5A2A694A1D00A11284 /* OfferViewController.swift in Sources */,
				99E854232A79632D0075CB78 /* FaqTableViewCell.swift in Sources */,
				9FF456F22A5FC2D700C2E845 /* LanguageAppViewController.swift in Sources */,
				71564AC22A6A9CEE00979090 /* ExchangeRateTableViewCell.swift in Sources */,
				FAD47F922A50A2A60055EDEA /* RegistrationPersonalDataViewController.swift in Sources */,
				9F1094372A5833E100648D14 /* SignInViewController.swift in Sources */,
				220C3F432A62822F000002DB /* ExchangerScreenViewController.swift in Sources */,
				220C3F452A628310000002DB /* ExchangerScreenTableViewCell.swift in Sources */,
				998D7B432A6D18A8002F6695 /* OtpRegistrationService.swift in Sources */,
				9F899D832A4AFB44002D1F74 /* SceneDelegate.swift in Sources */,
				FA5759812A63D9F100DE9A6B /* ExchangeListTableViewCell.swift in Sources */,
				71D01EB52A5D525000422491 /* NotificationsTableViewCell.swift in Sources */,
				995E96A62A7A0C4600E96AEE /* QuestionAnswer.swift in Sources */,
				8F06DEA52A61B03300637A68 /* ExchangeDollarViewController.swift in Sources */,
				991065352A7A306900368918 /* AboutCompany.swift in Sources */,
				220C3F392A5FD9F6000002DB /* MyExchangesViewController.swift in Sources */,
				9952D3562A608080002321E8 /* ProfileSection.swift in Sources */,
				FA1C82192A6C75DB0064BB72 /* ExchangerListService.swift in Sources */,
				99C158402A5EA1FE001091F7 /* ProfileViewController.swift in Sources */,
				618978032A541CD5009DFF0B /* SelectCityViewController.swift in Sources */,
				223C9C632A640AB8008FE874 /* ExchangerScreenTextCellTableViewCell.swift in Sources */,
				8F06DEAB2A61B0F800637A68 /* ExchangeDollarTableViewFooterView.swift in Sources */,
				FA1475292A5431F80085AF1E /* ShowHideTextButton.swift in Sources */,
				99287B302A61CCCA00D0CF4B /* MapViewController.swift in Sources */,
			);
			runOnlyForDeploymentPostprocessing = 0;
		};
/* End PBXSourcesBuildPhase section */

/* Begin PBXVariantGroup section */
		9F899D8B2A4AFB46002D1F74 /* LaunchScreen.storyboard */ = {
			isa = PBXVariantGroup;
			children = (
				9F899D8C2A4AFB46002D1F74 /* Base */,
			);
			name = LaunchScreen.storyboard;
			sourceTree = "<group>";
		};
/* End PBXVariantGroup section */

/* Begin XCBuildConfiguration section */
		9F899D8F2A4AFB46002D1F74 /* Debug */ = {
			isa = XCBuildConfiguration;
			buildSettings = {
				ALWAYS_SEARCH_USER_PATHS = NO;
				CLANG_ANALYZER_NONNULL = YES;
				CLANG_ANALYZER_NUMBER_OBJECT_CONVERSION = YES_AGGRESSIVE;
				CLANG_CXX_LANGUAGE_STANDARD = "gnu++20";
				CLANG_ENABLE_MODULES = YES;
				CLANG_ENABLE_OBJC_ARC = YES;
				CLANG_ENABLE_OBJC_WEAK = YES;
				CLANG_WARN_BLOCK_CAPTURE_AUTORELEASING = YES;
				CLANG_WARN_BOOL_CONVERSION = YES;
				CLANG_WARN_COMMA = YES;
				CLANG_WARN_CONSTANT_CONVERSION = YES;
				CLANG_WARN_DEPRECATED_OBJC_IMPLEMENTATIONS = YES;
				CLANG_WARN_DIRECT_OBJC_ISA_USAGE = YES_ERROR;
				CLANG_WARN_DOCUMENTATION_COMMENTS = YES;
				CLANG_WARN_EMPTY_BODY = YES;
				CLANG_WARN_ENUM_CONVERSION = YES;
				CLANG_WARN_INFINITE_RECURSION = YES;
				CLANG_WARN_INT_CONVERSION = YES;
				CLANG_WARN_NON_LITERAL_NULL_CONVERSION = YES;
				CLANG_WARN_OBJC_IMPLICIT_RETAIN_SELF = YES;
				CLANG_WARN_OBJC_LITERAL_CONVERSION = YES;
				CLANG_WARN_OBJC_ROOT_CLASS = YES_ERROR;
				CLANG_WARN_QUOTED_INCLUDE_IN_FRAMEWORK_HEADER = YES;
				CLANG_WARN_RANGE_LOOP_ANALYSIS = YES;
				CLANG_WARN_STRICT_PROTOTYPES = YES;
				CLANG_WARN_SUSPICIOUS_MOVE = YES;
				CLANG_WARN_UNGUARDED_AVAILABILITY = YES_AGGRESSIVE;
				CLANG_WARN_UNREACHABLE_CODE = YES;
				CLANG_WARN__DUPLICATE_METHOD_MATCH = YES;
				COPY_PHASE_STRIP = NO;
				DEBUG_INFORMATION_FORMAT = dwarf;
				ENABLE_STRICT_OBJC_MSGSEND = YES;
				ENABLE_TESTABILITY = YES;
				GCC_C_LANGUAGE_STANDARD = gnu11;
				GCC_DYNAMIC_NO_PIC = NO;
				GCC_NO_COMMON_BLOCKS = YES;
				GCC_OPTIMIZATION_LEVEL = 0;
				GCC_PREPROCESSOR_DEFINITIONS = (
					"DEBUG=1",
					"$(inherited)",
				);
				GCC_WARN_64_TO_32_BIT_CONVERSION = YES;
				GCC_WARN_ABOUT_RETURN_TYPE = YES_ERROR;
				GCC_WARN_UNDECLARED_SELECTOR = YES;
				GCC_WARN_UNINITIALIZED_AUTOS = YES_AGGRESSIVE;
				GCC_WARN_UNUSED_FUNCTION = YES;
				GCC_WARN_UNUSED_VARIABLE = YES;
				IPHONEOS_DEPLOYMENT_TARGET = 16.4;
				MTL_ENABLE_DEBUG_INFO = INCLUDE_SOURCE;
				MTL_FAST_MATH = YES;
				ONLY_ACTIVE_ARCH = YES;
				SDKROOT = iphoneos;
				SWIFT_ACTIVE_COMPILATION_CONDITIONS = DEBUG;
				SWIFT_OPTIMIZATION_LEVEL = "-Onone";
			};
			name = Debug;
		};
		9F899D902A4AFB46002D1F74 /* Release */ = {
			isa = XCBuildConfiguration;
			buildSettings = {
				ALWAYS_SEARCH_USER_PATHS = NO;
				CLANG_ANALYZER_NONNULL = YES;
				CLANG_ANALYZER_NUMBER_OBJECT_CONVERSION = YES_AGGRESSIVE;
				CLANG_CXX_LANGUAGE_STANDARD = "gnu++20";
				CLANG_ENABLE_MODULES = YES;
				CLANG_ENABLE_OBJC_ARC = YES;
				CLANG_ENABLE_OBJC_WEAK = YES;
				CLANG_WARN_BLOCK_CAPTURE_AUTORELEASING = YES;
				CLANG_WARN_BOOL_CONVERSION = YES;
				CLANG_WARN_COMMA = YES;
				CLANG_WARN_CONSTANT_CONVERSION = YES;
				CLANG_WARN_DEPRECATED_OBJC_IMPLEMENTATIONS = YES;
				CLANG_WARN_DIRECT_OBJC_ISA_USAGE = YES_ERROR;
				CLANG_WARN_DOCUMENTATION_COMMENTS = YES;
				CLANG_WARN_EMPTY_BODY = YES;
				CLANG_WARN_ENUM_CONVERSION = YES;
				CLANG_WARN_INFINITE_RECURSION = YES;
				CLANG_WARN_INT_CONVERSION = YES;
				CLANG_WARN_NON_LITERAL_NULL_CONVERSION = YES;
				CLANG_WARN_OBJC_IMPLICIT_RETAIN_SELF = YES;
				CLANG_WARN_OBJC_LITERAL_CONVERSION = YES;
				CLANG_WARN_OBJC_ROOT_CLASS = YES_ERROR;
				CLANG_WARN_QUOTED_INCLUDE_IN_FRAMEWORK_HEADER = YES;
				CLANG_WARN_RANGE_LOOP_ANALYSIS = YES;
				CLANG_WARN_STRICT_PROTOTYPES = YES;
				CLANG_WARN_SUSPICIOUS_MOVE = YES;
				CLANG_WARN_UNGUARDED_AVAILABILITY = YES_AGGRESSIVE;
				CLANG_WARN_UNREACHABLE_CODE = YES;
				CLANG_WARN__DUPLICATE_METHOD_MATCH = YES;
				COPY_PHASE_STRIP = NO;
				DEBUG_INFORMATION_FORMAT = "dwarf-with-dsym";
				ENABLE_NS_ASSERTIONS = NO;
				ENABLE_STRICT_OBJC_MSGSEND = YES;
				GCC_C_LANGUAGE_STANDARD = gnu11;
				GCC_NO_COMMON_BLOCKS = YES;
				GCC_WARN_64_TO_32_BIT_CONVERSION = YES;
				GCC_WARN_ABOUT_RETURN_TYPE = YES_ERROR;
				GCC_WARN_UNDECLARED_SELECTOR = YES;
				GCC_WARN_UNINITIALIZED_AUTOS = YES_AGGRESSIVE;
				GCC_WARN_UNUSED_FUNCTION = YES;
				GCC_WARN_UNUSED_VARIABLE = YES;
				IPHONEOS_DEPLOYMENT_TARGET = 16.4;
				MTL_ENABLE_DEBUG_INFO = NO;
				MTL_FAST_MATH = YES;
				SDKROOT = iphoneos;
				SWIFT_COMPILATION_MODE = wholemodule;
				SWIFT_OPTIMIZATION_LEVEL = "-O";
				VALIDATE_PRODUCT = YES;
			};
			name = Release;
		};
		9F899D922A4AFB46002D1F74 /* Debug */ = {
			isa = XCBuildConfiguration;
			baseConfigurationReference = 93686847FFF700FEE4E2943F /* Pods-kurs.kz.debug.xcconfig */;
			buildSettings = {
				ASSETCATALOG_COMPILER_APPICON_NAME = AppIcon;
				ASSETCATALOG_COMPILER_GLOBAL_ACCENT_COLOR_NAME = AccentColor;
				CODE_SIGN_STYLE = Automatic;
				CURRENT_PROJECT_VERSION = 1;
				GENERATE_INFOPLIST_FILE = YES;
				INFOPLIST_FILE = kurs.kz/Info.plist;
				INFOPLIST_KEY_CFBundleDisplayName = kurs.kz;
				INFOPLIST_KEY_LSApplicationCategoryType = "public.app-category.finance";
				INFOPLIST_KEY_NSLocationWhenInUseUsageDescription = "Используя ваше местоположение, это приложение может помочь вам найти обменники.";
				INFOPLIST_KEY_UIApplicationSupportsIndirectInputEvents = YES;
				INFOPLIST_KEY_UILaunchStoryboardName = LaunchScreen;
				INFOPLIST_KEY_UIMainStoryboardFile = "";
				INFOPLIST_KEY_UISupportedInterfaceOrientations = UIInterfaceOrientationPortrait;
				INFOPLIST_KEY_UISupportedInterfaceOrientations_iPad = "UIInterfaceOrientationLandscapeLeft UIInterfaceOrientationLandscapeRight UIInterfaceOrientationPortrait UIInterfaceOrientationPortraitUpsideDown";
				IPHONEOS_DEPLOYMENT_TARGET = 14.0;
				LD_RUNPATH_SEARCH_PATHS = (
					"$(inherited)",
					"@executable_path/Frameworks",
				);
				MARKETING_VERSION = 1.0;
				PRODUCT_BUNDLE_IDENTIFIER = "kz.startios.kurs-kz";
				PRODUCT_NAME = "$(TARGET_NAME)";
				SWIFT_EMIT_LOC_STRINGS = YES;
				SWIFT_VERSION = 5.0;
				TARGETED_DEVICE_FAMILY = "1,2";
			};
			name = Debug;
		};
		9F899D932A4AFB46002D1F74 /* Release */ = {
			isa = XCBuildConfiguration;
			baseConfigurationReference = 816C2EB4C7D45CD8044A9541 /* Pods-kurs.kz.release.xcconfig */;
			buildSettings = {
				ASSETCATALOG_COMPILER_APPICON_NAME = AppIcon;
				ASSETCATALOG_COMPILER_GLOBAL_ACCENT_COLOR_NAME = AccentColor;
				CODE_SIGN_STYLE = Automatic;
				CURRENT_PROJECT_VERSION = 1;
				GENERATE_INFOPLIST_FILE = YES;
				INFOPLIST_FILE = kurs.kz/Info.plist;
				INFOPLIST_KEY_CFBundleDisplayName = kurs.kz;
				INFOPLIST_KEY_LSApplicationCategoryType = "public.app-category.finance";
				INFOPLIST_KEY_NSLocationWhenInUseUsageDescription = "Используя ваше местоположение, это приложение может помочь вам найти обменники.";
				INFOPLIST_KEY_UIApplicationSupportsIndirectInputEvents = YES;
				INFOPLIST_KEY_UILaunchStoryboardName = LaunchScreen;
				INFOPLIST_KEY_UIMainStoryboardFile = "";
				INFOPLIST_KEY_UISupportedInterfaceOrientations = UIInterfaceOrientationPortrait;
				INFOPLIST_KEY_UISupportedInterfaceOrientations_iPad = "UIInterfaceOrientationLandscapeLeft UIInterfaceOrientationLandscapeRight UIInterfaceOrientationPortrait UIInterfaceOrientationPortraitUpsideDown";
				IPHONEOS_DEPLOYMENT_TARGET = 14.0;
				LD_RUNPATH_SEARCH_PATHS = (
					"$(inherited)",
					"@executable_path/Frameworks",
				);
				MARKETING_VERSION = 1.0;
				PRODUCT_BUNDLE_IDENTIFIER = "kz.startios.kurs-kz";
				PRODUCT_NAME = "$(TARGET_NAME)";
				SWIFT_EMIT_LOC_STRINGS = YES;
				SWIFT_VERSION = 5.0;
				TARGETED_DEVICE_FAMILY = "1,2";
			};
			name = Release;
		};
/* End XCBuildConfiguration section */

/* Begin XCConfigurationList section */
		9F899D782A4AFB43002D1F74 /* Build configuration list for PBXProject "kurs.kz" */ = {
			isa = XCConfigurationList;
			buildConfigurations = (
				9F899D8F2A4AFB46002D1F74 /* Debug */,
				9F899D902A4AFB46002D1F74 /* Release */,
			);
			defaultConfigurationIsVisible = 0;
			defaultConfigurationName = Release;
		};
		9F899D912A4AFB46002D1F74 /* Build configuration list for PBXNativeTarget "kurs.kz" */ = {
			isa = XCConfigurationList;
			buildConfigurations = (
				9F899D922A4AFB46002D1F74 /* Debug */,
				9F899D932A4AFB46002D1F74 /* Release */,
			);
			defaultConfigurationIsVisible = 0;
			defaultConfigurationName = Release;
		};
/* End XCConfigurationList section */

/* Begin XCRemoteSwiftPackageReference section */
		9985BA522A65BF0D00DD871C /* XCRemoteSwiftPackageReference "input-mask-ios" */ = {
			isa = XCRemoteSwiftPackageReference;
			repositoryURL = "https://github.com/RedMadRobot/input-mask-ios";
			requirement = {
				kind = exactVersion;
				version = 6.1.0;
			};
		};
		9F63DF422A504C3200EA9060 /* XCRemoteSwiftPackageReference "SnapKit" */ = {
			isa = XCRemoteSwiftPackageReference;
			repositoryURL = "https://github.com/SnapKit/SnapKit";
			requirement = {
				kind = upToNextMajorVersion;
				minimumVersion = 5.0.0;
			};
		};
		9F63DF452A50540F00EA9060 /* XCRemoteSwiftPackageReference "Alamofire" */ = {
			isa = XCRemoteSwiftPackageReference;
			repositoryURL = "https://github.com/Alamofire/Alamofire";
			requirement = {
				kind = upToNextMajorVersion;
				minimumVersion = 5.0.0;
			};
		};
		FA0E72902A6095C900EEAD48 /* XCRemoteSwiftPackageReference "PanModal" */ = {
			isa = XCRemoteSwiftPackageReference;
			repositoryURL = "https://github.com/slackhq/PanModal";
			requirement = {
				kind = exactVersion;
				version = 1.2.6;
			};
		};
/* End XCRemoteSwiftPackageReference section */

/* Begin XCSwiftPackageProductDependency section */
		9985BA532A65BF0D00DD871C /* InputMask */ = {
			isa = XCSwiftPackageProductDependency;
			package = 9985BA522A65BF0D00DD871C /* XCRemoteSwiftPackageReference "input-mask-ios" */;
			productName = InputMask;
		};
		9F63DF432A504C3200EA9060 /* SnapKit */ = {
			isa = XCSwiftPackageProductDependency;
			package = 9F63DF422A504C3200EA9060 /* XCRemoteSwiftPackageReference "SnapKit" */;
			productName = SnapKit;
		};
		9F63DF462A50540F00EA9060 /* Alamofire */ = {
			isa = XCSwiftPackageProductDependency;
			package = 9F63DF452A50540F00EA9060 /* XCRemoteSwiftPackageReference "Alamofire" */;
			productName = Alamofire;
		};
		FA0E72912A6095C900EEAD48 /* PanModal */ = {
			isa = XCSwiftPackageProductDependency;
			package = FA0E72902A6095C900EEAD48 /* XCRemoteSwiftPackageReference "PanModal" */;
			productName = PanModal;
		};
/* End XCSwiftPackageProductDependency section */
	};
	rootObject = 9F899D752A4AFB43002D1F74 /* Project object */;
}
