// !$*UTF8*$!
{
	archiveVersion = 1;
	classes = {
	};
	objectVersion = 56;
	objects = {

/* Begin PBXBuildFile section */
		220C3F392A5FD9F6000002DB /* MyExchangesViewController.swift in Sources */ = {isa = PBXBuildFile; fileRef = 220C3F382A5FD9F6000002DB /* MyExchangesViewController.swift */; };
		220C3F3B2A5FEBD3000002DB /* MyExchangesTableViewCell.swift in Sources */ = {isa = PBXBuildFile; fileRef = 220C3F3A2A5FEBD3000002DB /* MyExchangesTableViewCell.swift */; };
		618978032A541CD5009DFF0B /* SelectCityViewController.swift in Sources */ = {isa = PBXBuildFile; fileRef = 618978022A541CD5009DFF0B /* SelectCityViewController.swift */; };
		618978052A549426009DFF0B /* CityTableViewCell.swift in Sources */ = {isa = PBXBuildFile; fileRef = 618978042A549426009DFF0B /* CityTableViewCell.swift */; };
		71D01EB32A5D493200422491 /* NotificationsViewController.swift in Sources */ = {isa = PBXBuildFile; fileRef = 71D01EB22A5D493200422491 /* NotificationsViewController.swift */; };
		71D01EB52A5D525000422491 /* NotificationsTableViewCell.swift in Sources */ = {isa = PBXBuildFile; fileRef = 71D01EB42A5D525000422491 /* NotificationsTableViewCell.swift */; };
		71D01EB92A5E746C00422491 /* NotificationsSectionHeaderView.swift in Sources */ = {isa = PBXBuildFile; fileRef = 71D01EB82A5E746C00422491 /* NotificationsSectionHeaderView.swift */; };
		8F8189D92A6066780082F80F /* CartExchangeFeedbackViewController.swift in Sources */ = {isa = PBXBuildFile; fileRef = 8F8189D82A6066780082F80F /* CartExchangeFeedbackViewController.swift */; };
		8F8189DB2A6066840082F80F /* CartExchangeFeedbackViewCell.swift in Sources */ = {isa = PBXBuildFile; fileRef = 8F8189DA2A6066840082F80F /* CartExchangeFeedbackViewCell.swift */; };
		990100492A50B99B003EE3C4 /* SignupViewController.swift in Sources */ = {isa = PBXBuildFile; fileRef = 990100482A50B99B003EE3C4 /* SignupViewController.swift */; };
		990100492A50B99B003EE3C4 /* SignUpViewController.swift in Sources */ = {isa = PBXBuildFile; fileRef = 990100482A50B99B003EE3C4 /* SignUpViewController.swift */; };
		9909CB122A559F8B000AC039 /* OfferDetailsTableViewCell.swift in Sources */ = {isa = PBXBuildFile; fileRef = 9909CB112A559F8B000AC039 /* OfferDetailsTableViewCell.swift */; };
		9909CB142A55AA90000AC039 /* Detail.swift in Sources */ = {isa = PBXBuildFile; fileRef = 9909CB132A55AA90000AC039 /* Detail.swift */; };
		9909CB172A55B06B000AC039 /* OfferDetailsHeaderView.swift in Sources */ = {isa = PBXBuildFile; fileRef = 9909CB162A55B06B000AC039 /* OfferDetailsHeaderView.swift */; };
		9950C0E82A5184080022C2F6 /* VerificationPageViewController.swift in Sources */ = {isa = PBXBuildFile; fileRef = 9950C0E72A5184080022C2F6 /* VerificationPageViewController.swift */; };
		997BA5CF2A541F1B00267E0E /* CustomSkyFloatingLabelTextField.swift in Sources */ = {isa = PBXBuildFile; fileRef = 997BA5CE2A541F1B00267E0E /* CustomSkyFloatingLabelTextField.swift */; };
		9985BA542A65BF0D00DD871C /* InputMask in Frameworks */ = {isa = PBXBuildFile; productRef = 9985BA532A65BF0D00DD871C /* InputMask */; };
		9987B0FD2A553B96005BB185 /* ClientOfferDetailsViewController.swift in Sources */ = {isa = PBXBuildFile; fileRef = 9987B0FC2A553B96005BB185 /* ClientOfferDetailsViewController.swift */; };
		9F1094372A5833E100648D14 /* SignInViewController.swift in Sources */ = {isa = PBXBuildFile; fileRef = 9F1094362A5833E100648D14 /* SignInViewController.swift */; };
		9F402A4A2A5BDC7400F9126C /* RateViewController.swift in Sources */ = {isa = PBXBuildFile; fileRef = 9F402A482A5BDC7400F9126C /* RateViewController.swift */; };
		9F402A4B2A5BDC7400F9126C /* StarButton.swift in Sources */ = {isa = PBXBuildFile; fileRef = 9F402A492A5BDC7400F9126C /* StarButton.swift */; };
		9F402A4E2A5BDDB500F9126C /* AboutCompanyViewController.swift in Sources */ = {isa = PBXBuildFile; fileRef = 9F402A4D2A5BDDB500F9126C /* AboutCompanyViewController.swift */; };
		9F63DF442A504C3200EA9060 /* SnapKit in Frameworks */ = {isa = PBXBuildFile; productRef = 9F63DF432A504C3200EA9060 /* SnapKit */; };
		9F63DF472A50540F00EA9060 /* Alamofire in Frameworks */ = {isa = PBXBuildFile; productRef = 9F63DF462A50540F00EA9060 /* Alamofire */; };
		9F899D812A4AFB44002D1F74 /* AppDelegate.swift in Sources */ = {isa = PBXBuildFile; fileRef = 9F899D802A4AFB44002D1F74 /* AppDelegate.swift */; };
		9F899D832A4AFB44002D1F74 /* SceneDelegate.swift in Sources */ = {isa = PBXBuildFile; fileRef = 9F899D822A4AFB44002D1F74 /* SceneDelegate.swift */; };
		9F899D852A4AFB44002D1F74 /* ViewController.swift in Sources */ = {isa = PBXBuildFile; fileRef = 9F899D842A4AFB44002D1F74 /* ViewController.swift */; };
		9F899D8A2A4AFB46002D1F74 /* Assets.xcassets in Resources */ = {isa = PBXBuildFile; fileRef = 9F899D892A4AFB46002D1F74 /* Assets.xcassets */; };
		9F899D8D2A4AFB46002D1F74 /* LaunchScreen.storyboard in Resources */ = {isa = PBXBuildFile; fileRef = 9F899D8B2A4AFB46002D1F74 /* LaunchScreen.storyboard */; };
		9FD284AA2A552EC000D9EB32 /* SelectLanguageViewController.swift in Sources */ = {isa = PBXBuildFile; fileRef = 9FD284A92A552EC000D9EB32 /* SelectLanguageViewController.swift */; };
		9FF456E92A5E716F00C2E845 /* MainPageViewController.swift in Sources */ = {isa = PBXBuildFile; fileRef = 9FF456E82A5E716F00C2E845 /* MainPageViewController.swift */; };
		9FF456F22A5FC2D700C2E845 /* LanguageAppViewController.swift in Sources */ = {isa = PBXBuildFile; fileRef = 9FF456F02A5FC2D700C2E845 /* LanguageAppViewController.swift */; };
		9FF456F32A5FC2D700C2E845 /* LanguageTableViewCell.swift in Sources */ = {isa = PBXBuildFile; fileRef = 9FF456F12A5FC2D700C2E845 /* LanguageTableViewCell.swift */; };
		9FF456F82A5FC4EA00C2E845 /* SupportTableViewCell.swift in Sources */ = {isa = PBXBuildFile; fileRef = 9FF456F62A5FC4EA00C2E845 /* SupportTableViewCell.swift */; };
		9FF456FB2A5FC54100C2E845 /* ToSupportViewController.swift in Sources */ = {isa = PBXBuildFile; fileRef = 9FF456FA2A5FC54100C2E845 /* ToSupportViewController.swift */; };
		9FF456FE2A60183D00C2E845 /* EmptyViewController.swift in Sources */ = {isa = PBXBuildFile; fileRef = 9FF456FD2A60183D00C2E845 /* EmptyViewController.swift */; };
		ED4CBDD11BE87149A8B0125E /* Pods_kurs_kz.framework in Frameworks */ = {isa = PBXBuildFile; fileRef = 7ED0A21762FD7FBCA944A33E /* Pods_kurs_kz.framework */; };
		FA1475252A5416C80085AF1E /* PaddedTextField.swift in Sources */ = {isa = PBXBuildFile; fileRef = FA1475242A5416C80085AF1E /* PaddedTextField.swift */; };
		FA1475272A5431C60085AF1E /* PasswordTextField.swift in Sources */ = {isa = PBXBuildFile; fileRef = FA1475262A5431C60085AF1E /* PasswordTextField.swift */; };
		FA1475292A5431F80085AF1E /* ShowHideTextButton.swift in Sources */ = {isa = PBXBuildFile; fileRef = FA1475282A5431F80085AF1E /* ShowHideTextButton.swift */; };
		FA357BC22A58B35A005D5271 /* CustomTabBarViewController.swift in Sources */ = {isa = PBXBuildFile; fileRef = FA357BC12A58B35A005D5271 /* CustomTabBarViewController.swift */; };
		FA74EA7D2A52C8D900578C21 /* RegistrationPasswordViewController.swift in Sources */ = {isa = PBXBuildFile; fileRef = FA74EA7C2A52C8D900578C21 /* RegistrationPasswordViewController.swift */; };
		FAD47F922A50A2A60055EDEA /* RegistrationPersonalDataViewController.swift in Sources */ = {isa = PBXBuildFile; fileRef = FAD47F912A50A2A60055EDEA /* RegistrationPersonalDataViewController.swift */; };
		FAD6FB4A2A52AD11004E4F86 /* SkyFloatingLabelTextField in Frameworks */ = {isa = PBXBuildFile; productRef = FAD6FB492A52AD11004E4F86 /* SkyFloatingLabelTextField */; };
/* End PBXBuildFile section */

/* Begin PBXFileReference section */
		220C3F382A5FD9F6000002DB /* MyExchangesViewController.swift */ = {isa = PBXFileReference; lastKnownFileType = sourcecode.swift; path = MyExchangesViewController.swift; sourceTree = "<group>"; };
		220C3F3A2A5FEBD3000002DB /* MyExchangesTableViewCell.swift */ = {isa = PBXFileReference; lastKnownFileType = sourcecode.swift; path = MyExchangesTableViewCell.swift; sourceTree = "<group>"; };
		618978022A541CD5009DFF0B /* SelectCityViewController.swift */ = {isa = PBXFileReference; lastKnownFileType = sourcecode.swift; path = SelectCityViewController.swift; sourceTree = "<group>"; };
		618978042A549426009DFF0B /* CityTableViewCell.swift */ = {isa = PBXFileReference; lastKnownFileType = sourcecode.swift; path = CityTableViewCell.swift; sourceTree = "<group>"; };
		71D01EB22A5D493200422491 /* NotificationsViewController.swift */ = {isa = PBXFileReference; lastKnownFileType = sourcecode.swift; path = NotificationsViewController.swift; sourceTree = "<group>"; };
		71D01EB42A5D525000422491 /* NotificationsTableViewCell.swift */ = {isa = PBXFileReference; lastKnownFileType = sourcecode.swift; path = NotificationsTableViewCell.swift; sourceTree = "<group>"; };
		71D01EB82A5E746C00422491 /* NotificationsSectionHeaderView.swift */ = {isa = PBXFileReference; lastKnownFileType = sourcecode.swift; path = NotificationsSectionHeaderView.swift; sourceTree = "<group>"; };
		7ED0A21762FD7FBCA944A33E /* Pods_kurs_kz.framework */ = {isa = PBXFileReference; explicitFileType = wrapper.framework; includeInIndex = 0; path = Pods_kurs_kz.framework; sourceTree = BUILT_PRODUCTS_DIR; };
		816C2EB4C7D45CD8044A9541 /* Pods-kurs.kz.release.xcconfig */ = {isa = PBXFileReference; includeInIndex = 1; lastKnownFileType = text.xcconfig; name = "Pods-kurs.kz.release.xcconfig"; path = "Target Support Files/Pods-kurs.kz/Pods-kurs.kz.release.xcconfig"; sourceTree = "<group>"; };
		8F8189D82A6066780082F80F /* CartExchangeFeedbackViewController.swift */ = {isa = PBXFileReference; lastKnownFileType = sourcecode.swift; path = CartExchangeFeedbackViewController.swift; sourceTree = "<group>"; };
		8F8189DA2A6066840082F80F /* CartExchangeFeedbackViewCell.swift */ = {isa = PBXFileReference; lastKnownFileType = sourcecode.swift; path = CartExchangeFeedbackViewCell.swift; sourceTree = "<group>"; };
		93686847FFF700FEE4E2943F /* Pods-kurs.kz.debug.xcconfig */ = {isa = PBXFileReference; includeInIndex = 1; lastKnownFileType = text.xcconfig; name = "Pods-kurs.kz.debug.xcconfig"; path = "Target Support Files/Pods-kurs.kz/Pods-kurs.kz.debug.xcconfig"; sourceTree = "<group>"; };
		990100482A50B99B003EE3C4 /* SignUpViewController.swift */ = {isa = PBXFileReference; lastKnownFileType = sourcecode.swift; path = SignUpViewController.swift; sourceTree = "<group>"; };
		9909CB112A559F8B000AC039 /* OfferDetailsTableViewCell.swift */ = {isa = PBXFileReference; lastKnownFileType = sourcecode.swift; path = OfferDetailsTableViewCell.swift; sourceTree = "<group>"; };
		9909CB132A55AA90000AC039 /* Detail.swift */ = {isa = PBXFileReference; lastKnownFileType = sourcecode.swift; path = Detail.swift; sourceTree = "<group>"; };
		9909CB162A55B06B000AC039 /* OfferDetailsHeaderView.swift */ = {isa = PBXFileReference; lastKnownFileType = sourcecode.swift; path = OfferDetailsHeaderView.swift; sourceTree = "<group>"; };
		9950C0E72A5184080022C2F6 /* VerificationPageViewController.swift */ = {isa = PBXFileReference; lastKnownFileType = sourcecode.swift; path = VerificationPageViewController.swift; sourceTree = "<group>"; };
		997BA5CE2A541F1B00267E0E /* CustomSkyFloatingLabelTextField.swift */ = {isa = PBXFileReference; lastKnownFileType = sourcecode.swift; path = CustomSkyFloatingLabelTextField.swift; sourceTree = "<group>"; };
		9987B0FC2A553B96005BB185 /* ClientOfferDetailsViewController.swift */ = {isa = PBXFileReference; lastKnownFileType = sourcecode.swift; path = ClientOfferDetailsViewController.swift; sourceTree = "<group>"; };
		9F1094362A5833E100648D14 /* SignInViewController.swift */ = {isa = PBXFileReference; fileEncoding = 4; lastKnownFileType = sourcecode.swift; path = SignInViewController.swift; sourceTree = "<group>"; };
		9F402A482A5BDC7400F9126C /* RateViewController.swift */ = {isa = PBXFileReference; fileEncoding = 4; lastKnownFileType = sourcecode.swift; name = RateViewController.swift; path = "kurs.kz/Exchange Card/RateViewController.swift"; sourceTree = SOURCE_ROOT; };
		9F402A492A5BDC7400F9126C /* StarButton.swift */ = {isa = PBXFileReference; fileEncoding = 4; lastKnownFileType = sourcecode.swift; name = StarButton.swift; path = "kurs.kz/Exchange Card/StarButton.swift"; sourceTree = SOURCE_ROOT; };
		9F402A4D2A5BDDB500F9126C /* AboutCompanyViewController.swift */ = {isa = PBXFileReference; fileEncoding = 4; lastKnownFileType = sourcecode.swift; name = AboutCompanyViewController.swift; path = kurs.kz/AboutCompany/AboutCompanyViewController.swift; sourceTree = SOURCE_ROOT; };
		9F899D7D2A4AFB43002D1F74 /* kurs.kz.app */ = {isa = PBXFileReference; explicitFileType = wrapper.application; includeInIndex = 0; path = kurs.kz.app; sourceTree = BUILT_PRODUCTS_DIR; };
		9F899D802A4AFB44002D1F74 /* AppDelegate.swift */ = {isa = PBXFileReference; lastKnownFileType = sourcecode.swift; path = AppDelegate.swift; sourceTree = "<group>"; };
		9F899D822A4AFB44002D1F74 /* SceneDelegate.swift */ = {isa = PBXFileReference; lastKnownFileType = sourcecode.swift; path = SceneDelegate.swift; sourceTree = "<group>"; };
		9F899D842A4AFB44002D1F74 /* ViewController.swift */ = {isa = PBXFileReference; lastKnownFileType = sourcecode.swift; path = ViewController.swift; sourceTree = "<group>"; };
		9F899D892A4AFB46002D1F74 /* Assets.xcassets */ = {isa = PBXFileReference; lastKnownFileType = folder.assetcatalog; path = Assets.xcassets; sourceTree = "<group>"; };
		9F899D8C2A4AFB46002D1F74 /* Base */ = {isa = PBXFileReference; lastKnownFileType = file.storyboard; name = Base; path = Base.lproj/LaunchScreen.storyboard; sourceTree = "<group>"; };
		9F899D8E2A4AFB46002D1F74 /* Info.plist */ = {isa = PBXFileReference; lastKnownFileType = text.plist.xml; path = Info.plist; sourceTree = "<group>"; };
		9FD284A92A552EC000D9EB32 /* SelectLanguageViewController.swift */ = {isa = PBXFileReference; fileEncoding = 4; lastKnownFileType = sourcecode.swift; path = SelectLanguageViewController.swift; sourceTree = "<group>"; };
		9FF456E82A5E716F00C2E845 /* MainPageViewController.swift */ = {isa = PBXFileReference; fileEncoding = 4; lastKnownFileType = sourcecode.swift; name = MainPageViewController.swift; path = kurs.kz/MainPage/MainPageViewController.swift; sourceTree = SOURCE_ROOT; };
		9FF456F02A5FC2D700C2E845 /* LanguageAppViewController.swift */ = {isa = PBXFileReference; fileEncoding = 4; lastKnownFileType = sourcecode.swift; name = LanguageAppViewController.swift; path = kurs.kz/Language/LanguageAppViewController.swift; sourceTree = SOURCE_ROOT; };
		9FF456F12A5FC2D700C2E845 /* LanguageTableViewCell.swift */ = {isa = PBXFileReference; fileEncoding = 4; lastKnownFileType = sourcecode.swift; name = LanguageTableViewCell.swift; path = kurs.kz/Language/LanguageTableViewCell.swift; sourceTree = SOURCE_ROOT; };
		9FF456F62A5FC4EA00C2E845 /* SupportTableViewCell.swift */ = {isa = PBXFileReference; fileEncoding = 4; lastKnownFileType = sourcecode.swift; name = SupportTableViewCell.swift; path = kurs.kz/Support/SupportTableViewCell.swift; sourceTree = SOURCE_ROOT; };
		9FF456FA2A5FC54100C2E845 /* ToSupportViewController.swift */ = {isa = PBXFileReference; fileEncoding = 4; lastKnownFileType = sourcecode.swift; name = ToSupportViewController.swift; path = kurs.kz/Support/ToSupportViewController.swift; sourceTree = SOURCE_ROOT; };
		9FF456FD2A60183D00C2E845 /* EmptyViewController.swift */ = {isa = PBXFileReference; lastKnownFileType = sourcecode.swift; path = EmptyViewController.swift; sourceTree = "<group>"; };
		FA1475242A5416C80085AF1E /* PaddedTextField.swift */ = {isa = PBXFileReference; lastKnownFileType = sourcecode.swift; path = PaddedTextField.swift; sourceTree = "<group>"; };
		FA1475262A5431C60085AF1E /* PasswordTextField.swift */ = {isa = PBXFileReference; lastKnownFileType = sourcecode.swift; path = PasswordTextField.swift; sourceTree = "<group>"; };
		FA1475282A5431F80085AF1E /* ShowHideTextButton.swift */ = {isa = PBXFileReference; lastKnownFileType = sourcecode.swift; path = ShowHideTextButton.swift; sourceTree = "<group>"; };
		FA357BC12A58B35A005D5271 /* CustomTabBarViewController.swift */ = {isa = PBXFileReference; lastKnownFileType = sourcecode.swift; path = CustomTabBarViewController.swift; sourceTree = "<group>"; };
		FA74EA7C2A52C8D900578C21 /* RegistrationPasswordViewController.swift */ = {isa = PBXFileReference; lastKnownFileType = sourcecode.swift; path = RegistrationPasswordViewController.swift; sourceTree = "<group>"; };
		FAD47F912A50A2A60055EDEA /* RegistrationPersonalDataViewController.swift */ = {isa = PBXFileReference; lastKnownFileType = sourcecode.swift; path = RegistrationPersonalDataViewController.swift; sourceTree = "<group>"; };
/* End PBXFileReference section */

/* Begin PBXFrameworksBuildPhase section */
		9F899D7A2A4AFB43002D1F74 /* Frameworks */ = {
			isa = PBXFrameworksBuildPhase;
			buildActionMask = 2147483647;
			files = (
				9F63DF442A504C3200EA9060 /* SnapKit in Frameworks */,
				9F63DF472A50540F00EA9060 /* Alamofire in Frameworks */,
				9985BA542A65BF0D00DD871C /* InputMask in Frameworks */,
				ED4CBDD11BE87149A8B0125E /* Pods_kurs_kz.framework in Frameworks */,
				FAD6FB4A2A52AD11004E4F86 /* SkyFloatingLabelTextField in Frameworks */,
			);
			runOnlyForDeploymentPostprocessing = 0;
		};
/* End PBXFrameworksBuildPhase section */

/* Begin PBXGroup section */
		220C3F372A5FD8B6000002DB /* MyExchanges */ = {
			isa = PBXGroup;
			children = (
				220C3F3A2A5FEBD3000002DB /* MyExchangesTableViewCell.swift */,
				220C3F382A5FD9F6000002DB /* MyExchangesViewController.swift */,
			);
			path = MyExchanges;
			sourceTree = "<group>";
		};
		46EE99A18985E63B77BA8021 /* Pods */ = {
			isa = PBXGroup;
			children = (
				93686847FFF700FEE4E2943F /* Pods-kurs.kz.debug.xcconfig */,
				816C2EB4C7D45CD8044A9541 /* Pods-kurs.kz.release.xcconfig */,
			);
			path = Pods;
			sourceTree = "<group>";
		};
		618977FB2A533D9C009DFF0B /* CitySelection */ = {
			isa = PBXGroup;
			children = (
				618978022A541CD5009DFF0B /* SelectCityViewController.swift */,
				618978042A549426009DFF0B /* CityTableViewCell.swift */,
			);
			path = CitySelection;
			sourceTree = "<group>";
		};
		69B63E2E40C15D95ADEE8E58 /* Frameworks */ = {
			isa = PBXGroup;
			children = (
				7ED0A21762FD7FBCA944A33E /* Pods_kurs_kz.framework */,
			);
			name = Frameworks;
			sourceTree = "<group>";
		};
		71D01EB12A5D48F200422491 /* Notifications */ = {
			isa = PBXGroup;
			children = (
				71D01EB22A5D493200422491 /* NotificationsViewController.swift */,
				71D01EB42A5D525000422491 /* NotificationsTableViewCell.swift */,
				71D01EB82A5E746C00422491 /* NotificationsSectionHeaderView.swift */,
			);
			path = Notifications;
			sourceTree = "<group>";
		};
		8F8189D72A6066240082F80F /* CartExchangeFeedback */ = {
			isa = PBXGroup;
			children = (
				8F8189D82A6066780082F80F /* CartExchangeFeedbackViewController.swift */,
				8F8189DA2A6066840082F80F /* CartExchangeFeedbackViewCell.swift */,
			);
			path = CartExchangeFeedback;
			sourceTree = "<group>";
		};
		990100472A50B987003EE3C4 /* SignUp */ = {
			isa = PBXGroup;
			children = (
				990100482A50B99B003EE3C4 /* SignUpViewController.swift */,
				9950C0E72A5184080022C2F6 /* VerificationPageViewController.swift */,
				997BA5CE2A541F1B00267E0E /* CustomSkyFloatingLabelTextField.swift */,
			);
			path = SignUp;
			sourceTree = "<group>";
		};
		9909CB152A55AA95000AC039 /* Model */ = {
			isa = PBXGroup;
			children = (
				9909CB132A55AA90000AC039 /* Detail.swift */,
			);
			path = Model;
			sourceTree = "<group>";
		};
		9987B0FB2A553B77005BB185 /* ClientOffer */ = {
			isa = PBXGroup;
			children = (
				9909CB152A55AA95000AC039 /* Model */,
				9987B0FC2A553B96005BB185 /* ClientOfferDetailsViewController.swift */,
				9909CB112A559F8B000AC039 /* OfferDetailsTableViewCell.swift */,
				9909CB162A55B06B000AC039 /* OfferDetailsHeaderView.swift */,
			);
			path = ClientOffer;
			sourceTree = "<group>";
		};
		9F402A472A5BDC5A00F9126C /* Rate */ = {
			isa = PBXGroup;
			children = (
				9F402A482A5BDC7400F9126C /* RateViewController.swift */,
				9F402A492A5BDC7400F9126C /* StarButton.swift */,
			);
			path = Rate;
			sourceTree = "<group>";
		};
		9F402A4C2A5BDDA600F9126C /* AboutCompany */ = {
			isa = PBXGroup;
			children = (
				9F402A4D2A5BDDB500F9126C /* AboutCompanyViewController.swift */,
			);
			name = AboutCompany;
			path = Rate/AboutCompany;
			sourceTree = "<group>";
		};
		9F63DF3F2A50495100EA9060 /* SignIn */ = {
			isa = PBXGroup;
			children = (
				9F1094362A5833E100648D14 /* SignInViewController.swift */,
			);
			path = SignIn;
			sourceTree = "<group>";
		};
		9F899D742A4AFB43002D1F74 = {
			isa = PBXGroup;
			children = (
				9F899D7F2A4AFB44002D1F74 /* kurs.kz */,
				9F899D7E2A4AFB44002D1F74 /* Products */,
				46EE99A18985E63B77BA8021 /* Pods */,
				69B63E2E40C15D95ADEE8E58 /* Frameworks */,
				9FF456F42A5FC47500C2E845 /* Recovered References */,
			);
			sourceTree = "<group>";
		};
		9F899D7E2A4AFB44002D1F74 /* Products */ = {
			isa = PBXGroup;
			children = (
				9F899D7D2A4AFB43002D1F74 /* kurs.kz.app */,
			);
			name = Products;
			sourceTree = "<group>";
		};
		9F899D7F2A4AFB44002D1F74 /* kurs.kz */ = {
			isa = PBXGroup;
			children = (
				8F8189D72A6066240082F80F /* CartExchangeFeedback */,
				220C3F372A5FD8B6000002DB /* MyExchanges */,
				9FF456F52A5FC4A900C2E845 /* ToSupport */,
				9FF456EF2A5FC2BA00C2E845 /* Language Select */,
				71D01EB12A5D48F200422491 /* Notifications */,
				9FF456E72A5E715B00C2E845 /* Main */,
				9F402A4C2A5BDDA600F9126C /* AboutCompany */,
				9987B0FB2A553B77005BB185 /* ClientOffer */,
				9F402A472A5BDC5A00F9126C /* Rate */,
				FA357BC02A58B2DF005D5271 /* TabBar */,
				FA74EA7B2A52C8A500578C21 /* Registration */,
				9FD284AB2A552EC400D9EB32 /* LanguageSelect */,
				990100472A50B987003EE3C4 /* SignUp */,
				9F63DF3F2A50495100EA9060 /* SignIn */,
				618977FB2A533D9C009DFF0B /* CitySelection */,
				FAD47F902A50A24C0055EDEA /* Registration */,
				9F899D8B2A4AFB46002D1F74 /* LaunchScreen.storyboard */,
				9F899D802A4AFB44002D1F74 /* AppDelegate.swift */,
				9F899D822A4AFB44002D1F74 /* SceneDelegate.swift */,
				9F899D842A4AFB44002D1F74 /* ViewController.swift */,
				9F899D892A4AFB46002D1F74 /* Assets.xcassets */,
				9F899D8E2A4AFB46002D1F74 /* Info.plist */,
			);
			path = kurs.kz;
			sourceTree = "<group>";
		};
		9FD284AB2A552EC400D9EB32 /* LanguageSelect */ = {
			isa = PBXGroup;
			children = (
				9FD284A92A552EC000D9EB32 /* SelectLanguageViewController.swift */,
			);
			path = LanguageSelect;
			sourceTree = "<group>";
		};
		9FF456E72A5E715B00C2E845 /* Main */ = {
			isa = PBXGroup;
			children = (
				9FF456E82A5E716F00C2E845 /* MainPageViewController.swift */,
			);
			path = Main;
			sourceTree = "<group>";
		};
		9FF456EF2A5FC2BA00C2E845 /* Language Select */ = {
			isa = PBXGroup;
			children = (
				9FF456F02A5FC2D700C2E845 /* LanguageAppViewController.swift */,
				9FF456F12A5FC2D700C2E845 /* LanguageTableViewCell.swift */,
			);
			path = "Language Select";
			sourceTree = "<group>";
		};
		9FF456F42A5FC47500C2E845 /* Recovered References */ = {
			isa = PBXGroup;
			children = (
			);
			name = "Recovered References";
			sourceTree = "<group>";
		};
		9FF456F52A5FC4A900C2E845 /* ToSupport */ = {
			isa = PBXGroup;
			children = (
				9FF456FA2A5FC54100C2E845 /* ToSupportViewController.swift */,
				9FF456F62A5FC4EA00C2E845 /* SupportTableViewCell.swift */,
			);
			path = ToSupport;
			sourceTree = "<group>";
		};
		FA357BC02A58B2DF005D5271 /* TabBar */ = {
			isa = PBXGroup;
			children = (
				FA357BC12A58B35A005D5271 /* CustomTabBarViewController.swift */,
				9FF456FD2A60183D00C2E845 /* EmptyViewController.swift */,
			);
			path = TabBar;
			sourceTree = "<group>";
		};
		FA74EA7B2A52C8A500578C21 /* Registration */ = {
			isa = PBXGroup;
			children = (
				FA74EA7C2A52C8D900578C21 /* RegistrationPasswordViewController.swift */,
				FAD47F912A50A2A60055EDEA /* RegistrationPersonalDataViewController.swift */,
				FA1475262A5431C60085AF1E /* PasswordTextField.swift */,
				FA1475282A5431F80085AF1E /* ShowHideTextButton.swift */,
			);
			path = Registration;
			sourceTree = "<group>";
		};
		FAD47F902A50A24C0055EDEA /* Registration */ = {
			isa = PBXGroup;
			children = (
				FA1475242A5416C80085AF1E /* PaddedTextField.swift */,
			);
			path = Registration;
			sourceTree = "<group>";
		};
/* End PBXGroup section */

/* Begin PBXNativeTarget section */
		9F899D7C2A4AFB43002D1F74 /* kurs.kz */ = {
			isa = PBXNativeTarget;
			buildConfigurationList = 9F899D912A4AFB46002D1F74 /* Build configuration list for PBXNativeTarget "kurs.kz" */;
			buildPhases = (
				A978145459F756DA82375A9D /* [CP] Check Pods Manifest.lock */,
				9F899D792A4AFB43002D1F74 /* Sources */,
				9F899D7A2A4AFB43002D1F74 /* Frameworks */,
				9F899D7B2A4AFB43002D1F74 /* Resources */,
				8185968B9E490D0F706847D7 /* [CP] Embed Pods Frameworks */,
				9F599BC12A5565A30073C558 /* ShellScript */,
			);
			buildRules = (
			);
			dependencies = (
			);
			name = kurs.kz;
			packageProductDependencies = (
				9F63DF432A504C3200EA9060 /* SnapKit */,
				9F63DF462A50540F00EA9060 /* Alamofire */,
				FAD6FB492A52AD11004E4F86 /* SkyFloatingLabelTextField */,
				9985BA532A65BF0D00DD871C /* InputMask */,
			);
			productName = kurs.kz;
			productReference = 9F899D7D2A4AFB43002D1F74 /* kurs.kz.app */;
			productType = "com.apple.product-type.application";
		};
/* End PBXNativeTarget section */

/* Begin PBXProject section */
		9F899D752A4AFB43002D1F74 /* Project object */ = {
			isa = PBXProject;
			attributes = {
				BuildIndependentTargetsInParallel = 1;
				LastSwiftUpdateCheck = 1430;
				LastUpgradeCheck = 1430;
				TargetAttributes = {
					9F899D7C2A4AFB43002D1F74 = {
						CreatedOnToolsVersion = 14.3.1;
					};
				};
			};
			buildConfigurationList = 9F899D782A4AFB43002D1F74 /* Build configuration list for PBXProject "kurs.kz" */;
			compatibilityVersion = "Xcode 14.0";
			developmentRegion = en;
			hasScannedForEncodings = 0;
			knownRegions = (
				en,
				Base,
			);
			mainGroup = 9F899D742A4AFB43002D1F74;
			packageReferences = (
				9F63DF422A504C3200EA9060 /* XCRemoteSwiftPackageReference "SnapKit" */,
				9F63DF452A50540F00EA9060 /* XCRemoteSwiftPackageReference "Alamofire" */,
				FAD6FB482A52AD11004E4F86 /* XCRemoteSwiftPackageReference "SkyFloatingLabelTextField" */,
				9985BA522A65BF0D00DD871C /* XCRemoteSwiftPackageReference "input-mask-ios" */,
			);
			productRefGroup = 9F899D7E2A4AFB44002D1F74 /* Products */;
			projectDirPath = "";
			projectRoot = "";
			targets = (
				9F899D7C2A4AFB43002D1F74 /* kurs.kz */,
			);
		};
/* End PBXProject section */

/* Begin PBXResourcesBuildPhase section */
		9F899D7B2A4AFB43002D1F74 /* Resources */ = {
			isa = PBXResourcesBuildPhase;
			buildActionMask = 2147483647;
			files = (
				9F899D8D2A4AFB46002D1F74 /* LaunchScreen.storyboard in Resources */,
				9F899D8A2A4AFB46002D1F74 /* Assets.xcassets in Resources */,
			);
			runOnlyForDeploymentPostprocessing = 0;
		};
/* End PBXResourcesBuildPhase section */

/* Begin PBXShellScriptBuildPhase section */
		8185968B9E490D0F706847D7 /* [CP] Embed Pods Frameworks */ = {
			isa = PBXShellScriptBuildPhase;
			buildActionMask = 2147483647;
			files = (
			);
			inputFileListPaths = (
				"${PODS_ROOT}/Target Support Files/Pods-kurs.kz/Pods-kurs.kz-frameworks-${CONFIGURATION}-input-files.xcfilelist",
			);
			name = "[CP] Embed Pods Frameworks";
			outputFileListPaths = (
				"${PODS_ROOT}/Target Support Files/Pods-kurs.kz/Pods-kurs.kz-frameworks-${CONFIGURATION}-output-files.xcfilelist",
			);
			runOnlyForDeploymentPostprocessing = 0;
			shellPath = /bin/sh;
			shellScript = "\"${PODS_ROOT}/Target Support Files/Pods-kurs.kz/Pods-kurs.kz-frameworks.sh\"\n";
			showEnvVarsInLog = 0;
		};
		9F599BC12A5565A30073C558 /* ShellScript */ = {
			isa = PBXShellScriptBuildPhase;
			buildActionMask = 2147483647;
			files = (
			);
			inputFileListPaths = (
			);
			inputPaths = (
			);
			outputFileListPaths = (
			);
			outputPaths = (
			);
			runOnlyForDeploymentPostprocessing = 0;
			shellPath = /bin/sh;
			shellScript = "\"${PODS_ROOT}/SwiftLint/swiftlint\"\n";
		};
		A978145459F756DA82375A9D /* [CP] Check Pods Manifest.lock */ = {
			isa = PBXShellScriptBuildPhase;
			buildActionMask = 2147483647;
			files = (
			);
			inputFileListPaths = (
			);
			inputPaths = (
				"${PODS_PODFILE_DIR_PATH}/Podfile.lock",
				"${PODS_ROOT}/Manifest.lock",
			);
			name = "[CP] Check Pods Manifest.lock";
			outputFileListPaths = (
			);
			outputPaths = (
				"$(DERIVED_FILE_DIR)/Pods-kurs.kz-checkManifestLockResult.txt",
			);
			runOnlyForDeploymentPostprocessing = 0;
			shellPath = /bin/sh;
			shellScript = "diff \"${PODS_PODFILE_DIR_PATH}/Podfile.lock\" \"${PODS_ROOT}/Manifest.lock\" > /dev/null\nif [ $? != 0 ] ; then\n    # print error to STDERR\n    echo \"error: The sandbox is not in sync with the Podfile.lock. Run 'pod install' or update your CocoaPods installation.\" >&2\n    exit 1\nfi\n# This output is used by Xcode 'outputs' to avoid re-running this script phase.\necho \"SUCCESS\" > \"${SCRIPT_OUTPUT_FILE_0}\"\n";
			showEnvVarsInLog = 0;
		};
/* End PBXShellScriptBuildPhase section */

/* Begin PBXSourcesBuildPhase section */
		9F899D792A4AFB43002D1F74 /* Sources */ = {
			isa = PBXSourcesBuildPhase;
			buildActionMask = 2147483647;
			files = (
				9987B0FD2A553B96005BB185 /* ClientOfferDetailsViewController.swift in Sources */,
				9909CB142A55AA90000AC039 /* Detail.swift in Sources */,
				9F402A4A2A5BDC7400F9126C /* RateViewController.swift in Sources */,
				9FD284AA2A552EC000D9EB32 /* SelectLanguageViewController.swift in Sources */,
				9F402A4B2A5BDC7400F9126C /* StarButton.swift in Sources */,
				9950C0E82A5184080022C2F6 /* VerificationPageViewController.swift in Sources */,
				71D01EB92A5E746C00422491 /* NotificationsSectionHeaderView.swift in Sources */,
				9F899D852A4AFB44002D1F74 /* ViewController.swift in Sources */,
				8F8189D92A6066780082F80F /* CartExchangeFeedbackViewController.swift in Sources */,
				FA1475272A5431C60085AF1E /* PasswordTextField.swift in Sources */,
				FA357BC22A58B35A005D5271 /* CustomTabBarViewController.swift in Sources */,
				FA74EA7D2A52C8D900578C21 /* RegistrationPasswordViewController.swift in Sources */,
				997BA5CF2A541F1B00267E0E /* CustomSkyFloatingLabelTextField.swift in Sources */,
				618978052A549426009DFF0B /* CityTableViewCell.swift in Sources */,
				9FF456FB2A5FC54100C2E845 /* ToSupportViewController.swift in Sources */,
				9F899D812A4AFB44002D1F74 /* AppDelegate.swift in Sources */,
				9FF456FE2A60183D00C2E845 /* EmptyViewController.swift in Sources */,
				990100492A50B99B003EE3C4 /* SignUpViewController.swift in Sources */,
				9FF456F32A5FC2D700C2E845 /* LanguageTableViewCell.swift in Sources */,
				9F402A4E2A5BDDB500F9126C /* AboutCompanyViewController.swift in Sources */,
				9909CB172A55B06B000AC039 /* OfferDetailsHeaderView.swift in Sources */,
				71D01EB32A5D493200422491 /* NotificationsViewController.swift in Sources */,
				220C3F3B2A5FEBD3000002DB /* MyExchangesTableViewCell.swift in Sources */,
				9909CB122A559F8B000AC039 /* OfferDetailsTableViewCell.swift in Sources */,
				9FF456F82A5FC4EA00C2E845 /* SupportTableViewCell.swift in Sources */,
				8F8189DB2A6066840082F80F /* CartExchangeFeedbackViewCell.swift in Sources */,
				9FF456E92A5E716F00C2E845 /* MainPageViewController.swift in Sources */,
				FA1475252A5416C80085AF1E /* PaddedTextField.swift in Sources */,
				9F899D812A4AFB44002D1F74 /* AppDelegate.swift in Sources */,
				9FF456F22A5FC2D700C2E845 /* LanguageAppViewController.swift in Sources */,
				FAD47F922A50A2A60055EDEA /* RegistrationPersonalDataViewController.swift in Sources */,
				9F1094372A5833E100648D14 /* SignInViewController.swift in Sources */,
				9F899D832A4AFB44002D1F74 /* SceneDelegate.swift in Sources */,
				71D01EB52A5D525000422491 /* NotificationsTableViewCell.swift in Sources */,
				220C3F392A5FD9F6000002DB /* MyExchangesViewController.swift in Sources */,
				618978032A541CD5009DFF0B /* SelectCityViewController.swift in Sources */,
				FA1475292A5431F80085AF1E /* ShowHideTextButton.swift in Sources */,
			);
			runOnlyForDeploymentPostprocessing = 0;
		};
/* End PBXSourcesBuildPhase section */

/* Begin PBXVariantGroup section */
		9F899D8B2A4AFB46002D1F74 /* LaunchScreen.storyboard */ = {
			isa = PBXVariantGroup;
			children = (
				9F899D8C2A4AFB46002D1F74 /* Base */,
			);
			name = LaunchScreen.storyboard;
			sourceTree = "<group>";
		};
/* End PBXVariantGroup section */

/* Begin XCBuildConfiguration section */
		9F899D8F2A4AFB46002D1F74 /* Debug */ = {
			isa = XCBuildConfiguration;
			buildSettings = {
				ALWAYS_SEARCH_USER_PATHS = NO;
				CLANG_ANALYZER_NONNULL = YES;
				CLANG_ANALYZER_NUMBER_OBJECT_CONVERSION = YES_AGGRESSIVE;
				CLANG_CXX_LANGUAGE_STANDARD = "gnu++20";
				CLANG_ENABLE_MODULES = YES;
				CLANG_ENABLE_OBJC_ARC = YES;
				CLANG_ENABLE_OBJC_WEAK = YES;
				CLANG_WARN_BLOCK_CAPTURE_AUTORELEASING = YES;
				CLANG_WARN_BOOL_CONVERSION = YES;
				CLANG_WARN_COMMA = YES;
				CLANG_WARN_CONSTANT_CONVERSION = YES;
				CLANG_WARN_DEPRECATED_OBJC_IMPLEMENTATIONS = YES;
				CLANG_WARN_DIRECT_OBJC_ISA_USAGE = YES_ERROR;
				CLANG_WARN_DOCUMENTATION_COMMENTS = YES;
				CLANG_WARN_EMPTY_BODY = YES;
				CLANG_WARN_ENUM_CONVERSION = YES;
				CLANG_WARN_INFINITE_RECURSION = YES;
				CLANG_WARN_INT_CONVERSION = YES;
				CLANG_WARN_NON_LITERAL_NULL_CONVERSION = YES;
				CLANG_WARN_OBJC_IMPLICIT_RETAIN_SELF = YES;
				CLANG_WARN_OBJC_LITERAL_CONVERSION = YES;
				CLANG_WARN_OBJC_ROOT_CLASS = YES_ERROR;
				CLANG_WARN_QUOTED_INCLUDE_IN_FRAMEWORK_HEADER = YES;
				CLANG_WARN_RANGE_LOOP_ANALYSIS = YES;
				CLANG_WARN_STRICT_PROTOTYPES = YES;
				CLANG_WARN_SUSPICIOUS_MOVE = YES;
				CLANG_WARN_UNGUARDED_AVAILABILITY = YES_AGGRESSIVE;
				CLANG_WARN_UNREACHABLE_CODE = YES;
				CLANG_WARN__DUPLICATE_METHOD_MATCH = YES;
				COPY_PHASE_STRIP = NO;
				DEBUG_INFORMATION_FORMAT = dwarf;
				ENABLE_STRICT_OBJC_MSGSEND = YES;
				ENABLE_TESTABILITY = YES;
				GCC_C_LANGUAGE_STANDARD = gnu11;
				GCC_DYNAMIC_NO_PIC = NO;
				GCC_NO_COMMON_BLOCKS = YES;
				GCC_OPTIMIZATION_LEVEL = 0;
				GCC_PREPROCESSOR_DEFINITIONS = (
					"DEBUG=1",
					"$(inherited)",
				);
				GCC_WARN_64_TO_32_BIT_CONVERSION = YES;
				GCC_WARN_ABOUT_RETURN_TYPE = YES_ERROR;
				GCC_WARN_UNDECLARED_SELECTOR = YES;
				GCC_WARN_UNINITIALIZED_AUTOS = YES_AGGRESSIVE;
				GCC_WARN_UNUSED_FUNCTION = YES;
				GCC_WARN_UNUSED_VARIABLE = YES;
				IPHONEOS_DEPLOYMENT_TARGET = 16.4;
				MTL_ENABLE_DEBUG_INFO = INCLUDE_SOURCE;
				MTL_FAST_MATH = YES;
				ONLY_ACTIVE_ARCH = YES;
				SDKROOT = iphoneos;
				SWIFT_ACTIVE_COMPILATION_CONDITIONS = DEBUG;
				SWIFT_OPTIMIZATION_LEVEL = "-Onone";
			};
			name = Debug;
		};
		9F899D902A4AFB46002D1F74 /* Release */ = {
			isa = XCBuildConfiguration;
			buildSettings = {
				ALWAYS_SEARCH_USER_PATHS = NO;
				CLANG_ANALYZER_NONNULL = YES;
				CLANG_ANALYZER_NUMBER_OBJECT_CONVERSION = YES_AGGRESSIVE;
				CLANG_CXX_LANGUAGE_STANDARD = "gnu++20";
				CLANG_ENABLE_MODULES = YES;
				CLANG_ENABLE_OBJC_ARC = YES;
				CLANG_ENABLE_OBJC_WEAK = YES;
				CLANG_WARN_BLOCK_CAPTURE_AUTORELEASING = YES;
				CLANG_WARN_BOOL_CONVERSION = YES;
				CLANG_WARN_COMMA = YES;
				CLANG_WARN_CONSTANT_CONVERSION = YES;
				CLANG_WARN_DEPRECATED_OBJC_IMPLEMENTATIONS = YES;
				CLANG_WARN_DIRECT_OBJC_ISA_USAGE = YES_ERROR;
				CLANG_WARN_DOCUMENTATION_COMMENTS = YES;
				CLANG_WARN_EMPTY_BODY = YES;
				CLANG_WARN_ENUM_CONVERSION = YES;
				CLANG_WARN_INFINITE_RECURSION = YES;
				CLANG_WARN_INT_CONVERSION = YES;
				CLANG_WARN_NON_LITERAL_NULL_CONVERSION = YES;
				CLANG_WARN_OBJC_IMPLICIT_RETAIN_SELF = YES;
				CLANG_WARN_OBJC_LITERAL_CONVERSION = YES;
				CLANG_WARN_OBJC_ROOT_CLASS = YES_ERROR;
				CLANG_WARN_QUOTED_INCLUDE_IN_FRAMEWORK_HEADER = YES;
				CLANG_WARN_RANGE_LOOP_ANALYSIS = YES;
				CLANG_WARN_STRICT_PROTOTYPES = YES;
				CLANG_WARN_SUSPICIOUS_MOVE = YES;
				CLANG_WARN_UNGUARDED_AVAILABILITY = YES_AGGRESSIVE;
				CLANG_WARN_UNREACHABLE_CODE = YES;
				CLANG_WARN__DUPLICATE_METHOD_MATCH = YES;
				COPY_PHASE_STRIP = NO;
				DEBUG_INFORMATION_FORMAT = "dwarf-with-dsym";
				ENABLE_NS_ASSERTIONS = NO;
				ENABLE_STRICT_OBJC_MSGSEND = YES;
				GCC_C_LANGUAGE_STANDARD = gnu11;
				GCC_NO_COMMON_BLOCKS = YES;
				GCC_WARN_64_TO_32_BIT_CONVERSION = YES;
				GCC_WARN_ABOUT_RETURN_TYPE = YES_ERROR;
				GCC_WARN_UNDECLARED_SELECTOR = YES;
				GCC_WARN_UNINITIALIZED_AUTOS = YES_AGGRESSIVE;
				GCC_WARN_UNUSED_FUNCTION = YES;
				GCC_WARN_UNUSED_VARIABLE = YES;
				IPHONEOS_DEPLOYMENT_TARGET = 16.4;
				MTL_ENABLE_DEBUG_INFO = NO;
				MTL_FAST_MATH = YES;
				SDKROOT = iphoneos;
				SWIFT_COMPILATION_MODE = wholemodule;
				SWIFT_OPTIMIZATION_LEVEL = "-O";
				VALIDATE_PRODUCT = YES;
			};
			name = Release;
		};
		9F899D922A4AFB46002D1F74 /* Debug */ = {
			isa = XCBuildConfiguration;
			baseConfigurationReference = 93686847FFF700FEE4E2943F /* Pods-kurs.kz.debug.xcconfig */;
			buildSettings = {
				ASSETCATALOG_COMPILER_APPICON_NAME = AppIcon;
				ASSETCATALOG_COMPILER_GLOBAL_ACCENT_COLOR_NAME = AccentColor;
				CODE_SIGN_STYLE = Automatic;
				CURRENT_PROJECT_VERSION = 1;
				GENERATE_INFOPLIST_FILE = YES;
				INFOPLIST_FILE = kurs.kz/Info.plist;
				INFOPLIST_KEY_CFBundleDisplayName = bekzhan;
				INFOPLIST_KEY_LSApplicationCategoryType = "public.app-category.finance";
				INFOPLIST_KEY_UIApplicationSupportsIndirectInputEvents = YES;
				INFOPLIST_KEY_UILaunchStoryboardName = LaunchScreen;
				INFOPLIST_KEY_UIMainStoryboardFile = "";
				INFOPLIST_KEY_UISupportedInterfaceOrientations = UIInterfaceOrientationPortrait;
				INFOPLIST_KEY_UISupportedInterfaceOrientations_iPad = "UIInterfaceOrientationLandscapeLeft UIInterfaceOrientationLandscapeRight UIInterfaceOrientationPortrait UIInterfaceOrientationPortraitUpsideDown";
				IPHONEOS_DEPLOYMENT_TARGET = 14.0;
				LD_RUNPATH_SEARCH_PATHS = (
					"$(inherited)",
					"@executable_path/Frameworks",
				);
				MARKETING_VERSION = 1.0;
				PRODUCT_BUNDLE_IDENTIFIER = "kz.startios.kurs-kz";
				PRODUCT_NAME = "$(TARGET_NAME)";
				SWIFT_EMIT_LOC_STRINGS = YES;
				SWIFT_VERSION = 5.0;
				TARGETED_DEVICE_FAMILY = "1,2";
			};
			name = Debug;
		};
		9F899D932A4AFB46002D1F74 /* Release */ = {
			isa = XCBuildConfiguration;
			baseConfigurationReference = 816C2EB4C7D45CD8044A9541 /* Pods-kurs.kz.release.xcconfig */;
			buildSettings = {
				ASSETCATALOG_COMPILER_APPICON_NAME = AppIcon;
				ASSETCATALOG_COMPILER_GLOBAL_ACCENT_COLOR_NAME = AccentColor;
				CODE_SIGN_STYLE = Automatic;
				CURRENT_PROJECT_VERSION = 1;
				GENERATE_INFOPLIST_FILE = YES;
				INFOPLIST_FILE = kurs.kz/Info.plist;
				INFOPLIST_KEY_CFBundleDisplayName = bekzhan;
				INFOPLIST_KEY_LSApplicationCategoryType = "public.app-category.finance";
				INFOPLIST_KEY_UIApplicationSupportsIndirectInputEvents = YES;
				INFOPLIST_KEY_UILaunchStoryboardName = LaunchScreen;
				INFOPLIST_KEY_UIMainStoryboardFile = "";
				INFOPLIST_KEY_UISupportedInterfaceOrientations = UIInterfaceOrientationPortrait;
				INFOPLIST_KEY_UISupportedInterfaceOrientations_iPad = "UIInterfaceOrientationLandscapeLeft UIInterfaceOrientationLandscapeRight UIInterfaceOrientationPortrait UIInterfaceOrientationPortraitUpsideDown";
				IPHONEOS_DEPLOYMENT_TARGET = 14.0;
				LD_RUNPATH_SEARCH_PATHS = (
					"$(inherited)",
					"@executable_path/Frameworks",
				);
				MARKETING_VERSION = 1.0;
				PRODUCT_BUNDLE_IDENTIFIER = "kz.startios.kurs-kz";
				PRODUCT_NAME = "$(TARGET_NAME)";
				SWIFT_EMIT_LOC_STRINGS = YES;
				SWIFT_VERSION = 5.0;
				TARGETED_DEVICE_FAMILY = "1,2";
			};
			name = Release;
		};
/* End XCBuildConfiguration section */

/* Begin XCConfigurationList section */
		9F899D782A4AFB43002D1F74 /* Build configuration list for PBXProject "kurs.kz" */ = {
			isa = XCConfigurationList;
			buildConfigurations = (
				9F899D8F2A4AFB46002D1F74 /* Debug */,
				9F899D902A4AFB46002D1F74 /* Release */,
			);
			defaultConfigurationIsVisible = 0;
			defaultConfigurationName = Release;
		};
		9F899D912A4AFB46002D1F74 /* Build configuration list for PBXNativeTarget "kurs.kz" */ = {
			isa = XCConfigurationList;
			buildConfigurations = (
				9F899D922A4AFB46002D1F74 /* Debug */,
				9F899D932A4AFB46002D1F74 /* Release */,
			);
			defaultConfigurationIsVisible = 0;
			defaultConfigurationName = Release;
		};
/* End XCConfigurationList section */

/* Begin XCRemoteSwiftPackageReference section */
		9985BA522A65BF0D00DD871C /* XCRemoteSwiftPackageReference "input-mask-ios" */ = {
			isa = XCRemoteSwiftPackageReference;
			repositoryURL = "https://github.com/RedMadRobot/input-mask-ios";
			requirement = {
				kind = exactVersion;
				version = 6.1.0;
			};
		};
		9F63DF422A504C3200EA9060 /* XCRemoteSwiftPackageReference "SnapKit" */ = {
			isa = XCRemoteSwiftPackageReference;
			repositoryURL = "https://github.com/SnapKit/SnapKit";
			requirement = {
				kind = upToNextMajorVersion;
				minimumVersion = 5.0.0;
			};
		};
		9F63DF452A50540F00EA9060 /* XCRemoteSwiftPackageReference "Alamofire" */ = {
			isa = XCRemoteSwiftPackageReference;
			repositoryURL = "https://github.com/Alamofire/Alamofire";
			requirement = {
				kind = upToNextMajorVersion;
				minimumVersion = 5.0.0;
			};
		};
		FAD6FB482A52AD11004E4F86 /* XCRemoteSwiftPackageReference "SkyFloatingLabelTextField" */ = {
			isa = XCRemoteSwiftPackageReference;
			repositoryURL = "https://github.com/Skyscanner/SkyFloatingLabelTextField";
			requirement = {
				kind = upToNextMajorVersion;
				minimumVersion = 4.0.0;
			};
		};
/* End XCRemoteSwiftPackageReference section */

/* Begin XCSwiftPackageProductDependency section */
		9985BA532A65BF0D00DD871C /* InputMask */ = {
			isa = XCSwiftPackageProductDependency;
			package = 9985BA522A65BF0D00DD871C /* XCRemoteSwiftPackageReference "input-mask-ios" */;
			productName = InputMask;
		};
		9F63DF432A504C3200EA9060 /* SnapKit */ = {
			isa = XCSwiftPackageProductDependency;
			package = 9F63DF422A504C3200EA9060 /* XCRemoteSwiftPackageReference "SnapKit" */;
			productName = SnapKit;
		};
		9F63DF462A50540F00EA9060 /* Alamofire */ = {
			isa = XCSwiftPackageProductDependency;
			package = 9F63DF452A50540F00EA9060 /* XCRemoteSwiftPackageReference "Alamofire" */;
			productName = Alamofire;
		};
		FAD6FB492A52AD11004E4F86 /* SkyFloatingLabelTextField */ = {
			isa = XCSwiftPackageProductDependency;
			package = FAD6FB482A52AD11004E4F86 /* XCRemoteSwiftPackageReference "SkyFloatingLabelTextField" */;
			productName = SkyFloatingLabelTextField;
		};
/* End XCSwiftPackageProductDependency section */
	};
	rootObject = 9F899D752A4AFB43002D1F74 /* Project object */;
}
